// !$*UTF8*$!
{
	archiveVersion = 1;
	classes = {
	};
	objectVersion = 46;
	objects = {

/* Begin PBXBuildFile section */
		4F0199671BD951BD0049ED9E /* Runes.framework in Frameworks */ = {isa = PBXBuildFile; fileRef = 4F0199661BD951BD0049ED9E /* Runes.framework */; };
		4F0E79AF1BFC921200825B52 /* VKSdkFramework.framework in Frameworks */ = {isa = PBXBuildFile; fileRef = 4F0E79AE1BFC921200825B52 /* VKSdkFramework.framework */; };
		4F0E79B01BFC922000825B52 /* VKSdkFramework.framework in CopyFiles */ = {isa = PBXBuildFile; fileRef = 4F0E79AE1BFC921200825B52 /* VKSdkFramework.framework */; settings = {ATTRIBUTES = (CodeSignOnCopy, RemoveHeadersOnCopy, ); }; };
		4F157E571B9DF85400A5D417 /* UIImageView+remote.swift in Sources */ = {isa = PBXBuildFile; fileRef = 4F157E561B9DF85400A5D417 /* UIImageView+remote.swift */; };
		4F1AA5BA1B849880007C0632 /* AppDelegate.swift in Sources */ = {isa = PBXBuildFile; fileRef = 4F1AA5B91B849880007C0632 /* AppDelegate.swift */; };
		4F1AA5C11B849880007C0632 /* Images.xcassets in Resources */ = {isa = PBXBuildFile; fileRef = 4F1AA5C01B849880007C0632 /* Images.xcassets */; };
		4F1AA5C41B849880007C0632 /* LaunchScreen.xib in Resources */ = {isa = PBXBuildFile; fileRef = 4F1AA5C21B849880007C0632 /* LaunchScreen.xib */; };
		4F1AA5D01B849880007C0632 /* HMACTests.swift in Sources */ = {isa = PBXBuildFile; fileRef = 4F1AA5CF1B849880007C0632 /* HMACTests.swift */; };
		4F1AA5DC1B84991A007C0632 /* Signatrure.swift in Sources */ = {isa = PBXBuildFile; fileRef = 4F1AA5DB1B84991A007C0632 /* Signatrure.swift */; };
		4F1AA5E61B84F866007C0632 /* APIClient.swift in Sources */ = {isa = PBXBuildFile; fileRef = 4F1AA5E51B84F866007C0632 /* APIClient.swift */; };
		4F3CBADE1BCBA9BB00169E94 /* PromiseKit.framework in Frameworks */ = {isa = PBXBuildFile; fileRef = 4F3CBADC1BCBA9BB00169E94 /* PromiseKit.framework */; };
		4F3CBAE01BCBAB9000169E94 /* PromiseKit.framework in Frameworks */ = {isa = PBXBuildFile; fileRef = 4F3CBADC1BCBA9BB00169E94 /* PromiseKit.framework */; };
		4F3CBAE11BCBAB9000169E94 /* OMGHTTPURLRQ.framework in Frameworks */ = {isa = PBXBuildFile; fileRef = 4F3CBADD1BCBA9BB00169E94 /* OMGHTTPURLRQ.framework */; };
		4F3CBAE31BCBAB9000169E94 /* JSONHelper.framework in Frameworks */ = {isa = PBXBuildFile; fileRef = 4FFF9CE81BCB7F6B0096E073 /* JSONHelper.framework */; };
		4F3CBAE41BCBAB9000169E94 /* Alamofire.framework in Frameworks */ = {isa = PBXBuildFile; fileRef = 4FFF9CE91BCB7F6B0096E073 /* Alamofire.framework */; };
		4F3CBAE61BCBAB9000169E94 /* Runes.framework in Frameworks */ = {isa = PBXBuildFile; fileRef = 4FFF9CEB1BCB7F6B0096E073 /* Runes.framework */; };
		4F3CBAE91BCBAC6300169E94 /* PromiseKit.framework in CopyFiles */ = {isa = PBXBuildFile; fileRef = 4F3CBADC1BCBA9BB00169E94 /* PromiseKit.framework */; settings = {ATTRIBUTES = (CodeSignOnCopy, RemoveHeadersOnCopy, ); }; };
		4F3CBAEA1BCBAC6300169E94 /* OMGHTTPURLRQ.framework in CopyFiles */ = {isa = PBXBuildFile; fileRef = 4F3CBADD1BCBA9BB00169E94 /* OMGHTTPURLRQ.framework */; settings = {ATTRIBUTES = (CodeSignOnCopy, RemoveHeadersOnCopy, ); }; };
		4F3CBAEC1BCBAC6300169E94 /* JSONHelper.framework in CopyFiles */ = {isa = PBXBuildFile; fileRef = 4FFF9CE81BCB7F6B0096E073 /* JSONHelper.framework */; settings = {ATTRIBUTES = (CodeSignOnCopy, RemoveHeadersOnCopy, ); }; };
		4F3CBAED1BCBAC6300169E94 /* Alamofire.framework in CopyFiles */ = {isa = PBXBuildFile; fileRef = 4FFF9CE91BCB7F6B0096E073 /* Alamofire.framework */; settings = {ATTRIBUTES = (CodeSignOnCopy, RemoveHeadersOnCopy, ); }; };
		4F3CBAEF1BCBAC6300169E94 /* Runes.framework in CopyFiles */ = {isa = PBXBuildFile; fileRef = 4FFF9CEB1BCB7F6B0096E073 /* Runes.framework */; settings = {ATTRIBUTES = (CodeSignOnCopy, RemoveHeadersOnCopy, ); }; };
		4F5BE2D31C09E1A000C18082 /* UIImageView+PlayGIF.m in Sources */ = {isa = PBXBuildFile; fileRef = 4F5BE2D01C09E1A000C18082 /* UIImageView+PlayGIF.m */; };
		4F5BE2D41C09E1A000C18082 /* YFGIFImageView.m in Sources */ = {isa = PBXBuildFile; fileRef = 4F5BE2D21C09E1A000C18082 /* YFGIFImageView.m */; };
		4F5BE2D81C09F5B000C18082 /* UIImage+GIF.m in Sources */ = {isa = PBXBuildFile; fileRef = 4F5BE2D71C09F5B000C18082 /* UIImage+GIF.m */; };
		4F5BE2DA1C09F5DB00C18082 /* ImageIO.framework in Frameworks */ = {isa = PBXBuildFile; fileRef = 4F5BE2D91C09F5DB00C18082 /* ImageIO.framework */; };
		4F7768411C0B0FAC00EF067D /* Pushwoosh.framework in Frameworks */ = {isa = PBXBuildFile; fileRef = 4F7768401C0B0FAC00EF067D /* Pushwoosh.framework */; };
		4F7768451C0B27C300EF067D /* SnapshotHelper.swift in Sources */ = {isa = PBXBuildFile; fileRef = 4F7768441C0B27C300EF067D /* SnapshotHelper.swift */; };
		4F7768471C0B293000EF067D /* CoreLocation.framework in Frameworks */ = {isa = PBXBuildFile; fileRef = 4F7768461C0B293000EF067D /* CoreLocation.framework */; };
		4F7D18CE1B8ED44600C209B5 /* RegistrationTests.swift in Sources */ = {isa = PBXBuildFile; fileRef = 4F7D18CD1B8ED44600C209B5 /* RegistrationTests.swift */; };
		4F7D18D01B8EF64F00C209B5 /* RegistrationResult.swift in Sources */ = {isa = PBXBuildFile; fileRef = 4F7D18CF1B8EF64F00C209B5 /* RegistrationResult.swift */; };
		4F7D18D61B8EFC6700C209B5 /* Locksmith.swift in Sources */ = {isa = PBXBuildFile; fileRef = 4F7D18D41B8EFC6700C209B5 /* Locksmith.swift */; };
		4F7D18D71B8EFC6700C209B5 /* LocksmithRequest.swift in Sources */ = {isa = PBXBuildFile; fileRef = 4F7D18D51B8EFC6700C209B5 /* LocksmithRequest.swift */; };
		4F7D18DA1B8F034300C209B5 /* KeychainConstants.swift in Sources */ = {isa = PBXBuildFile; fileRef = 4F7D18D91B8F034300C209B5 /* KeychainConstants.swift */; };
		4F7D18DC1B8F149500C209B5 /* APIConstants.swift in Sources */ = {isa = PBXBuildFile; fileRef = 4F7D18DB1B8F149500C209B5 /* APIConstants.swift */; };
		4F8E38361BEFB3A10095833C /* Actions.swift in Sources */ = {isa = PBXBuildFile; fileRef = 4F8E38351BEFB3A10095833C /* Actions.swift */; };
		4F8E38381BEFB9FE0095833C /* ToJson.swift in Sources */ = {isa = PBXBuildFile; fileRef = 4F8E38371BEFB9FE0095833C /* ToJson.swift */; };
		4F8F295C1BD27BE6009C2E36 /* Fabric.framework in Frameworks */ = {isa = PBXBuildFile; fileRef = 4F8F295A1BD27BE6009C2E36 /* Fabric.framework */; };
		4F8F295D1BD27BE6009C2E36 /* Crashlytics.framework in Frameworks */ = {isa = PBXBuildFile; fileRef = 4F8F295B1BD27BE6009C2E36 /* Crashlytics.framework */; };
		4F8F295F1BD29A44009C2E36 /* MainViewController.swift in Sources */ = {isa = PBXBuildFile; fileRef = 4F8F295E1BD29A44009C2E36 /* MainViewController.swift */; };
		4F8F29611BD29A58009C2E36 /* MainViewController.xib in Resources */ = {isa = PBXBuildFile; fileRef = 4F8F29601BD29A58009C2E36 /* MainViewController.xib */; };
		4F8F29631BD29AC5009C2E36 /* MainViewControllerTests.swift in Sources */ = {isa = PBXBuildFile; fileRef = 4F8F29621BD29AC5009C2E36 /* MainViewControllerTests.swift */; };
		4F8F296B1BD2AAB9009C2E36 /* UMADUITests.swift in Sources */ = {isa = PBXBuildFile; fileRef = 4F8F296A1BD2AAB9009C2E36 /* UMADUITests.swift */; };
		4F8F29811BD2B260009C2E36 /* CategoriesController.xib in Resources */ = {isa = PBXBuildFile; fileRef = 4F8F29801BD2B260009C2E36 /* CategoriesController.xib */; };
		4F8F29851BD2B4A6009C2E36 /* CategoryCell.xib in Resources */ = {isa = PBXBuildFile; fileRef = 4F8F29841BD2B4A6009C2E36 /* CategoryCell.xib */; };
		4FAC07DC1C045101001AAD80 /* AlamofireImage.framework in Frameworks */ = {isa = PBXBuildFile; fileRef = 4FAC07DB1C045101001AAD80 /* AlamofireImage.framework */; };
		4FAC07DD1C04510C001AAD80 /* AlamofireImage.framework in CopyFiles */ = {isa = PBXBuildFile; fileRef = 4FAC07DB1C045101001AAD80 /* AlamofireImage.framework */; settings = {ATTRIBUTES = (CodeSignOnCopy, RemoveHeadersOnCopy, ); }; };
		4FAC07DF1C0464BB001AAD80 /* Haneke.framework in Frameworks */ = {isa = PBXBuildFile; fileRef = 4FAC07DE1C0464BB001AAD80 /* Haneke.framework */; };
		4FAC07E01C0464C4001AAD80 /* Haneke.framework in CopyFiles */ = {isa = PBXBuildFile; fileRef = 4FAC07DE1C0464BB001AAD80 /* Haneke.framework */; settings = {ATTRIBUTES = (CodeSignOnCopy, RemoveHeadersOnCopy, ); }; };
		4FC148551C0877F7008D4625 /* .gitkeep in Resources */ = {isa = PBXBuildFile; fileRef = 4FC148501C0877F7008D4625 /* .gitkeep */; };
		4FC148561C0877F7008D4625 /* .gitkeep in Resources */ = {isa = PBXBuildFile; fileRef = 4FC148521C0877F7008D4625 /* .gitkeep */; };
		4FC148571C0877F7008D4625 /* FMMosaicLayout.m in Sources */ = {isa = PBXBuildFile; fileRef = 4FC148541C0877F7008D4625 /* FMMosaicLayout.m */; };
		4FCB4E2D1BA20EFE00DC15AF /* CategoriesController.swift in Sources */ = {isa = PBXBuildFile; fileRef = 4FCB4E2C1BA20EFE00DC15AF /* CategoriesController.swift */; };
		4FCB4E2F1BA2150400DC15AF /* SplashController.swift in Sources */ = {isa = PBXBuildFile; fileRef = 4FCB4E2E1BA2150400DC15AF /* SplashController.swift */; };
		4FCB4E311BA2172900DC15AF /* CategoryCell.swift in Sources */ = {isa = PBXBuildFile; fileRef = 4FCB4E301BA2172900DC15AF /* CategoryCell.swift */; };
		4FCB4E331BA292FC00DC15AF /* ImagesController.swift in Sources */ = {isa = PBXBuildFile; fileRef = 4FCB4E321BA292FC00DC15AF /* ImagesController.swift */; };
		4FCB4E351BA296BB00DC15AF /* ImageCell.swift in Sources */ = {isa = PBXBuildFile; fileRef = 4FCB4E341BA296BB00DC15AF /* ImageCell.swift */; };
		4FD4AC391C0AF95D0050B970 /* DefaultColors.swift in Sources */ = {isa = PBXBuildFile; fileRef = 4FD4AC381C0AF95D0050B970 /* DefaultColors.swift */; };
		4FD4AC3B1C0AF9E30050B970 /* UIColorExtension.swift in Sources */ = {isa = PBXBuildFile; fileRef = 4FD4AC3A1C0AF9E30050B970 /* UIColorExtension.swift */; };
		4FDC76071BF0CB3A0041AEAA /* FeedController.swift in Sources */ = {isa = PBXBuildFile; fileRef = 4FDC76061BF0CB3A0041AEAA /* FeedController.swift */; };
		4FDC76091BF0CB690041AEAA /* FeedController.xib in Resources */ = {isa = PBXBuildFile; fileRef = 4FDC76081BF0CB690041AEAA /* FeedController.xib */; };
		4FDC760B1BF0CCB10041AEAA /* FeedImageCell.swift in Sources */ = {isa = PBXBuildFile; fileRef = 4FDC760A1BF0CCB10041AEAA /* FeedImageCell.swift */; };
		4FDC760D1BF0CCFB0041AEAA /* FeedImageCell.xib in Resources */ = {isa = PBXBuildFile; fileRef = 4FDC760C1BF0CCFB0041AEAA /* FeedImageCell.xib */; };
		4FE8319D1BD2C8D800B13F5E /* ImagesController.xib in Resources */ = {isa = PBXBuildFile; fileRef = 4FE8319C1BD2C8D800B13F5E /* ImagesController.xib */; };
		4FE8319F1BD2CD2700B13F5E /* ImageCell.xib in Resources */ = {isa = PBXBuildFile; fileRef = 4FE8319E1BD2CD2700B13F5E /* ImageCell.xib */; };
		4FE831A11BD3E77B00B13F5E /* ImageController.swift in Sources */ = {isa = PBXBuildFile; fileRef = 4FE831A01BD3E77B00B13F5E /* ImageController.swift */; };
		4FE831A31BD3E7DE00B13F5E /* ImageController.xib in Resources */ = {isa = PBXBuildFile; fileRef = 4FE831A21BD3E7DE00B13F5E /* ImageController.xib */; };
		4FF8729E1B931E1500A67EEE /* Category.swift in Sources */ = {isa = PBXBuildFile; fileRef = 4FF8729D1B931E1500A67EEE /* Category.swift */; };
		4FF872A01B93245E00A67EEE /* CategoriesTests.swift in Sources */ = {isa = PBXBuildFile; fileRef = 4FF8729F1B93245E00A67EEE /* CategoriesTests.swift */; };
		4FF872BA1B93367F00A67EEE /* SignedAlamofire.swift in Sources */ = {isa = PBXBuildFile; fileRef = 4FF872B91B93367F00A67EEE /* SignedAlamofire.swift */; };
		4FF872BD1B93446B00A67EEE /* MergeableDictionary.swift in Sources */ = {isa = PBXBuildFile; fileRef = 4FF872BC1B93446B00A67EEE /* MergeableDictionary.swift */; };
		4FF872BF1B934F7F00A67EEE /* DictionaryWithJson.swift in Sources */ = {isa = PBXBuildFile; fileRef = 4FF872BE1B934F7F00A67EEE /* DictionaryWithJson.swift */; };
		4FF872C11B93618D00A67EEE /* FeedTests.swift in Sources */ = {isa = PBXBuildFile; fileRef = 4FF872C01B93618D00A67EEE /* FeedTests.swift */; };
		4FF872C31B93656B00A67EEE /* Image.swift in Sources */ = {isa = PBXBuildFile; fileRef = 4FF872C21B93656B00A67EEE /* Image.swift */; };
		4FFF9CF01BCB7F6B0096E073 /* JSONHelper.framework in Frameworks */ = {isa = PBXBuildFile; fileRef = 4FFF9CE81BCB7F6B0096E073 /* JSONHelper.framework */; };
		4FFF9CF11BCB7F6B0096E073 /* Alamofire.framework in Frameworks */ = {isa = PBXBuildFile; fileRef = 4FFF9CE91BCB7F6B0096E073 /* Alamofire.framework */; };
		4FFF9CF31BCB7F6B0096E073 /* Runes.framework in Frameworks */ = {isa = PBXBuildFile; fileRef = 4FFF9CEB1BCB7F6B0096E073 /* Runes.framework */; };
		4FFF9CF51BCB7F6B0096E073 /* OMGHTTPURLRQ.framework in Frameworks */ = {isa = PBXBuildFile; fileRef = 4FFF9CED1BCB7F6B0096E073 /* OMGHTTPURLRQ.framework */; };
		B735E0181623DCBFEF7DD918 /* libPods.a in Frameworks */ = {isa = PBXBuildFile; fileRef = 806568E8212EB9399C21D398 /* libPods.a */; };
/* End PBXBuildFile section */

/* Begin PBXContainerItemProxy section */
		4F1AA5CA1B849880007C0632 /* PBXContainerItemProxy */ = {
			isa = PBXContainerItemProxy;
			containerPortal = 4F1AA5AC1B84987F007C0632 /* Project object */;
			proxyType = 1;
			remoteGlobalIDString = 4F1AA5B31B849880007C0632;
			remoteInfo = OZM;
		};
		4F8F296D1BD2AAB9009C2E36 /* PBXContainerItemProxy */ = {
			isa = PBXContainerItemProxy;
			containerPortal = 4F1AA5AC1B84987F007C0632 /* Project object */;
			proxyType = 1;
			remoteGlobalIDString = 4F1AA5B31B849880007C0632;
			remoteInfo = UMAD;
		};
/* End PBXContainerItemProxy section */

/* Begin PBXCopyFilesBuildPhase section */
		4F3CBAE81BCBABD400169E94 /* CopyFiles */ = {
			isa = PBXCopyFilesBuildPhase;
			buildActionMask = 2147483647;
			dstPath = "";
			dstSubfolderSpec = 10;
			files = (
				4FAC07E01C0464C4001AAD80 /* Haneke.framework in CopyFiles */,
				4FAC07DD1C04510C001AAD80 /* AlamofireImage.framework in CopyFiles */,
				4F0E79B01BFC922000825B52 /* VKSdkFramework.framework in CopyFiles */,
				4F3CBAE91BCBAC6300169E94 /* PromiseKit.framework in CopyFiles */,
				4F3CBAEA1BCBAC6300169E94 /* OMGHTTPURLRQ.framework in CopyFiles */,
				4F3CBAEC1BCBAC6300169E94 /* JSONHelper.framework in CopyFiles */,
				4F3CBAED1BCBAC6300169E94 /* Alamofire.framework in CopyFiles */,
				4F3CBAEF1BCBAC6300169E94 /* Runes.framework in CopyFiles */,
			);
			runOnlyForDeploymentPostprocessing = 0;
		};
/* End PBXCopyFilesBuildPhase section */

/* Begin PBXFileReference section */
		3644CBB49619D0735F7F0748 /* Pods.debug.xcconfig */ = {isa = PBXFileReference; includeInIndex = 1; lastKnownFileType = text.xcconfig; name = Pods.debug.xcconfig; path = "Pods/Target Support Files/Pods/Pods.debug.xcconfig"; sourceTree = "<group>"; };
		4F0199661BD951BD0049ED9E /* Runes.framework */ = {isa = PBXFileReference; lastKnownFileType = wrapper.framework; name = Runes.framework; path = Carthage/Build/iOS/Runes.framework; sourceTree = SOURCE_ROOT; };
		4F0E79AE1BFC921200825B52 /* VKSdkFramework.framework */ = {isa = PBXFileReference; lastKnownFileType = wrapper.framework; name = VKSdkFramework.framework; path = Carthage/Build/iOS/VKSdkFramework.framework; sourceTree = SOURCE_ROOT; };
		4F157E561B9DF85400A5D417 /* UIImageView+remote.swift */ = {isa = PBXFileReference; fileEncoding = 4; lastKnownFileType = sourcecode.swift; path = "UIImageView+remote.swift"; sourceTree = "<group>"; };
<<<<<<< HEAD
		4F157E651B9DFC2100A5D417 /* AnimatableImageView.swift */ = {isa = PBXFileReference; fileEncoding = 4; lastKnownFileType = sourcecode.swift; path = AnimatableImageView.swift; sourceTree = "<group>"; };
		4F157E661B9DFC2100A5D417 /* AnimatedFrame.swift */ = {isa = PBXFileReference; fileEncoding = 4; lastKnownFileType = sourcecode.swift; path = AnimatedFrame.swift; sourceTree = "<group>"; };
		4F157E671B9DFC2100A5D417 /* Animator.swift */ = {isa = PBXFileReference; fileEncoding = 4; lastKnownFileType = sourcecode.swift; path = Animator.swift; sourceTree = "<group>"; };
		4F157E681B9DFC2100A5D417 /* Curry.swift */ = {isa = PBXFileReference; fileEncoding = 4; lastKnownFileType = sourcecode.swift; path = Curry.swift; sourceTree = "<group>"; };
		4F157E6A1B9DFC2100A5D417 /* ImageSourceHelpers.swift */ = {isa = PBXFileReference; fileEncoding = 4; lastKnownFileType = sourcecode.swift; path = ImageSourceHelpers.swift; sourceTree = "<group>"; };
		4F157E6C1B9DFC2100A5D417 /* UIImageExtension.swift */ = {isa = PBXFileReference; fileEncoding = 4; lastKnownFileType = sourcecode.swift; path = UIImageExtension.swift; sourceTree = "<group>"; };
		4F157E751B9DFCCD00A5D417 /* Array.swift */ = {isa = PBXFileReference; fileEncoding = 4; lastKnownFileType = sourcecode.swift; path = Array.swift; sourceTree = "<group>"; };
		4F157E771B9DFCCD00A5D417 /* Operators.swift */ = {isa = PBXFileReference; fileEncoding = 4; lastKnownFileType = sourcecode.swift; path = Operators.swift; sourceTree = "<group>"; };
		4F157E781B9DFCCD00A5D417 /* Optional.swift */ = {isa = PBXFileReference; fileEncoding = 4; lastKnownFileType = sourcecode.swift; path = Optional.swift; sourceTree = "<group>"; };
=======
>>>>>>> release/0.0.1
		4F1AA5B41B849880007C0632 /* UMAD.app */ = {isa = PBXFileReference; explicitFileType = wrapper.application; includeInIndex = 0; path = UMAD.app; sourceTree = BUILT_PRODUCTS_DIR; };
		4F1AA5B81B849880007C0632 /* Info.plist */ = {isa = PBXFileReference; lastKnownFileType = text.plist.xml; path = Info.plist; sourceTree = "<group>"; };
		4F1AA5B91B849880007C0632 /* AppDelegate.swift */ = {isa = PBXFileReference; lastKnownFileType = sourcecode.swift; path = AppDelegate.swift; sourceTree = "<group>"; };
		4F1AA5C01B849880007C0632 /* Images.xcassets */ = {isa = PBXFileReference; lastKnownFileType = folder.assetcatalog; path = Images.xcassets; sourceTree = "<group>"; };
		4F1AA5C31B849880007C0632 /* Base */ = {isa = PBXFileReference; lastKnownFileType = file.xib; name = Base; path = Base.lproj/LaunchScreen.xib; sourceTree = "<group>"; };
		4F1AA5C91B849880007C0632 /* UMADTests.xctest */ = {isa = PBXFileReference; explicitFileType = wrapper.cfbundle; includeInIndex = 0; path = UMADTests.xctest; sourceTree = BUILT_PRODUCTS_DIR; };
		4F1AA5CE1B849880007C0632 /* Info.plist */ = {isa = PBXFileReference; lastKnownFileType = text.plist.xml; path = Info.plist; sourceTree = "<group>"; };
		4F1AA5CF1B849880007C0632 /* HMACTests.swift */ = {isa = PBXFileReference; lastKnownFileType = sourcecode.swift; path = HMACTests.swift; sourceTree = "<group>"; };
		4F1AA5DB1B84991A007C0632 /* Signatrure.swift */ = {isa = PBXFileReference; fileEncoding = 4; lastKnownFileType = sourcecode.swift; path = Signatrure.swift; sourceTree = "<group>"; };
		4F1AA5E31B849CD2007C0632 /* OZM-Bridging-Header.h */ = {isa = PBXFileReference; lastKnownFileType = sourcecode.c.h; path = "OZM-Bridging-Header.h"; sourceTree = "<group>"; };
		4F1AA5E51B84F866007C0632 /* APIClient.swift */ = {isa = PBXFileReference; fileEncoding = 4; lastKnownFileType = sourcecode.swift; path = APIClient.swift; sourceTree = "<group>"; };
		4F3CBADC1BCBA9BB00169E94 /* PromiseKit.framework */ = {isa = PBXFileReference; lastKnownFileType = wrapper.framework; name = PromiseKit.framework; path = Carthage/Build/iOS/PromiseKit.framework; sourceTree = SOURCE_ROOT; };
		4F3CBADD1BCBA9BB00169E94 /* OMGHTTPURLRQ.framework */ = {isa = PBXFileReference; lastKnownFileType = wrapper.framework; name = OMGHTTPURLRQ.framework; path = Carthage/Build/iOS/OMGHTTPURLRQ.framework; sourceTree = SOURCE_ROOT; };
		4F5BE2CF1C09E1A000C18082 /* UIImageView+PlayGIF.h */ = {isa = PBXFileReference; fileEncoding = 4; lastKnownFileType = sourcecode.c.h; path = "UIImageView+PlayGIF.h"; sourceTree = "<group>"; };
		4F5BE2D01C09E1A000C18082 /* UIImageView+PlayGIF.m */ = {isa = PBXFileReference; fileEncoding = 4; lastKnownFileType = sourcecode.c.objc; path = "UIImageView+PlayGIF.m"; sourceTree = "<group>"; };
		4F5BE2D11C09E1A000C18082 /* YFGIFImageView.h */ = {isa = PBXFileReference; fileEncoding = 4; lastKnownFileType = sourcecode.c.h; path = YFGIFImageView.h; sourceTree = "<group>"; };
		4F5BE2D21C09E1A000C18082 /* YFGIFImageView.m */ = {isa = PBXFileReference; fileEncoding = 4; lastKnownFileType = sourcecode.c.objc; path = YFGIFImageView.m; sourceTree = "<group>"; };
		4F5BE2D61C09F5B000C18082 /* UIImage+GIF.h */ = {isa = PBXFileReference; fileEncoding = 4; lastKnownFileType = sourcecode.c.h; path = "UIImage+GIF.h"; sourceTree = "<group>"; };
		4F5BE2D71C09F5B000C18082 /* UIImage+GIF.m */ = {isa = PBXFileReference; fileEncoding = 4; lastKnownFileType = sourcecode.c.objc; path = "UIImage+GIF.m"; sourceTree = "<group>"; };
		4F5BE2D91C09F5DB00C18082 /* ImageIO.framework */ = {isa = PBXFileReference; lastKnownFileType = wrapper.framework; name = ImageIO.framework; path = System/Library/Frameworks/ImageIO.framework; sourceTree = SDKROOT; };
		4F7768401C0B0FAC00EF067D /* Pushwoosh.framework */ = {isa = PBXFileReference; lastKnownFileType = wrapper.framework; path = Pushwoosh.framework; sourceTree = "<group>"; };
		4F7768441C0B27C300EF067D /* SnapshotHelper.swift */ = {isa = PBXFileReference; fileEncoding = 4; lastKnownFileType = sourcecode.swift; path = SnapshotHelper.swift; sourceTree = "<group>"; };
		4F7768461C0B293000EF067D /* CoreLocation.framework */ = {isa = PBXFileReference; lastKnownFileType = wrapper.framework; name = CoreLocation.framework; path = System/Library/Frameworks/CoreLocation.framework; sourceTree = SDKROOT; };
		4F7D18CD1B8ED44600C209B5 /* RegistrationTests.swift */ = {isa = PBXFileReference; fileEncoding = 4; lastKnownFileType = sourcecode.swift; path = RegistrationTests.swift; sourceTree = "<group>"; };
		4F7D18CF1B8EF64F00C209B5 /* RegistrationResult.swift */ = {isa = PBXFileReference; fileEncoding = 4; lastKnownFileType = sourcecode.swift; path = RegistrationResult.swift; sourceTree = "<group>"; };
		4F7D18D41B8EFC6700C209B5 /* Locksmith.swift */ = {isa = PBXFileReference; fileEncoding = 4; lastKnownFileType = sourcecode.swift; path = Locksmith.swift; sourceTree = "<group>"; };
		4F7D18D51B8EFC6700C209B5 /* LocksmithRequest.swift */ = {isa = PBXFileReference; fileEncoding = 4; lastKnownFileType = sourcecode.swift; path = LocksmithRequest.swift; sourceTree = "<group>"; };
		4F7D18D91B8F034300C209B5 /* KeychainConstants.swift */ = {isa = PBXFileReference; fileEncoding = 4; lastKnownFileType = sourcecode.swift; path = KeychainConstants.swift; sourceTree = "<group>"; };
		4F7D18DB1B8F149500C209B5 /* APIConstants.swift */ = {isa = PBXFileReference; fileEncoding = 4; lastKnownFileType = sourcecode.swift; path = APIConstants.swift; sourceTree = "<group>"; };
		4F8E38351BEFB3A10095833C /* Actions.swift */ = {isa = PBXFileReference; fileEncoding = 4; lastKnownFileType = sourcecode.swift; path = Actions.swift; sourceTree = "<group>"; };
		4F8E38371BEFB9FE0095833C /* ToJson.swift */ = {isa = PBXFileReference; fileEncoding = 4; lastKnownFileType = sourcecode.swift; path = ToJson.swift; sourceTree = "<group>"; };
		4F8F295A1BD27BE6009C2E36 /* Fabric.framework */ = {isa = PBXFileReference; lastKnownFileType = wrapper.framework; path = Fabric.framework; sourceTree = "<group>"; };
		4F8F295B1BD27BE6009C2E36 /* Crashlytics.framework */ = {isa = PBXFileReference; lastKnownFileType = wrapper.framework; path = Crashlytics.framework; sourceTree = "<group>"; };
		4F8F295E1BD29A44009C2E36 /* MainViewController.swift */ = {isa = PBXFileReference; fileEncoding = 4; lastKnownFileType = sourcecode.swift; path = MainViewController.swift; sourceTree = "<group>"; };
		4F8F29601BD29A58009C2E36 /* MainViewController.xib */ = {isa = PBXFileReference; fileEncoding = 4; lastKnownFileType = file.xib; path = MainViewController.xib; sourceTree = "<group>"; };
		4F8F29621BD29AC5009C2E36 /* MainViewControllerTests.swift */ = {isa = PBXFileReference; fileEncoding = 4; lastKnownFileType = sourcecode.swift; path = MainViewControllerTests.swift; sourceTree = "<group>"; };
		4F8F29681BD2AAB9009C2E36 /* UMADUITests.xctest */ = {isa = PBXFileReference; explicitFileType = wrapper.cfbundle; includeInIndex = 0; path = UMADUITests.xctest; sourceTree = BUILT_PRODUCTS_DIR; };
		4F8F296A1BD2AAB9009C2E36 /* UMADUITests.swift */ = {isa = PBXFileReference; lastKnownFileType = sourcecode.swift; path = UMADUITests.swift; sourceTree = "<group>"; };
		4F8F296C1BD2AAB9009C2E36 /* Info.plist */ = {isa = PBXFileReference; lastKnownFileType = text.plist.xml; path = Info.plist; sourceTree = "<group>"; };
		4F8F29801BD2B260009C2E36 /* CategoriesController.xib */ = {isa = PBXFileReference; fileEncoding = 4; lastKnownFileType = file.xib; path = CategoriesController.xib; sourceTree = "<group>"; };
		4F8F29841BD2B4A6009C2E36 /* CategoryCell.xib */ = {isa = PBXFileReference; fileEncoding = 4; lastKnownFileType = file.xib; path = CategoryCell.xib; sourceTree = "<group>"; };
		4FAC07DB1C045101001AAD80 /* AlamofireImage.framework */ = {isa = PBXFileReference; lastKnownFileType = wrapper.framework; name = AlamofireImage.framework; path = Carthage/Build/iOS/AlamofireImage.framework; sourceTree = SOURCE_ROOT; };
		4FAC07DE1C0464BB001AAD80 /* Haneke.framework */ = {isa = PBXFileReference; lastKnownFileType = wrapper.framework; name = Haneke.framework; path = Carthage/Build/iOS/Haneke.framework; sourceTree = SOURCE_ROOT; };
		4FC148501C0877F7008D4625 /* .gitkeep */ = {isa = PBXFileReference; fileEncoding = 4; lastKnownFileType = text; path = .gitkeep; sourceTree = "<group>"; };
		4FC148521C0877F7008D4625 /* .gitkeep */ = {isa = PBXFileReference; fileEncoding = 4; lastKnownFileType = text; path = .gitkeep; sourceTree = "<group>"; };
		4FC148531C0877F7008D4625 /* FMMosaicLayout.h */ = {isa = PBXFileReference; fileEncoding = 4; lastKnownFileType = sourcecode.c.h; path = FMMosaicLayout.h; sourceTree = "<group>"; };
		4FC148541C0877F7008D4625 /* FMMosaicLayout.m */ = {isa = PBXFileReference; fileEncoding = 4; lastKnownFileType = sourcecode.c.objc; path = FMMosaicLayout.m; sourceTree = "<group>"; };
		4FCB4E2C1BA20EFE00DC15AF /* CategoriesController.swift */ = {isa = PBXFileReference; fileEncoding = 4; lastKnownFileType = sourcecode.swift; path = CategoriesController.swift; sourceTree = "<group>"; };
		4FCB4E2E1BA2150400DC15AF /* SplashController.swift */ = {isa = PBXFileReference; fileEncoding = 4; lastKnownFileType = sourcecode.swift; path = SplashController.swift; sourceTree = "<group>"; };
		4FCB4E301BA2172900DC15AF /* CategoryCell.swift */ = {isa = PBXFileReference; fileEncoding = 4; lastKnownFileType = sourcecode.swift; path = CategoryCell.swift; sourceTree = "<group>"; };
		4FCB4E321BA292FC00DC15AF /* ImagesController.swift */ = {isa = PBXFileReference; fileEncoding = 4; lastKnownFileType = sourcecode.swift; path = ImagesController.swift; sourceTree = "<group>"; };
		4FCB4E341BA296BB00DC15AF /* ImageCell.swift */ = {isa = PBXFileReference; fileEncoding = 4; lastKnownFileType = sourcecode.swift; path = ImageCell.swift; sourceTree = "<group>"; };
		4FD4AC381C0AF95D0050B970 /* DefaultColors.swift */ = {isa = PBXFileReference; fileEncoding = 4; lastKnownFileType = sourcecode.swift; path = DefaultColors.swift; sourceTree = "<group>"; };
		4FD4AC3A1C0AF9E30050B970 /* UIColorExtension.swift */ = {isa = PBXFileReference; fileEncoding = 4; lastKnownFileType = sourcecode.swift; path = UIColorExtension.swift; sourceTree = "<group>"; };
		4FDC76061BF0CB3A0041AEAA /* FeedController.swift */ = {isa = PBXFileReference; fileEncoding = 4; lastKnownFileType = sourcecode.swift; path = FeedController.swift; sourceTree = "<group>"; };
		4FDC76081BF0CB690041AEAA /* FeedController.xib */ = {isa = PBXFileReference; fileEncoding = 4; lastKnownFileType = file.xib; path = FeedController.xib; sourceTree = "<group>"; };
		4FDC760A1BF0CCB10041AEAA /* FeedImageCell.swift */ = {isa = PBXFileReference; fileEncoding = 4; lastKnownFileType = sourcecode.swift; path = FeedImageCell.swift; sourceTree = "<group>"; };
		4FDC760C1BF0CCFB0041AEAA /* FeedImageCell.xib */ = {isa = PBXFileReference; fileEncoding = 4; lastKnownFileType = file.xib; path = FeedImageCell.xib; sourceTree = "<group>"; };
		4FE8319C1BD2C8D800B13F5E /* ImagesController.xib */ = {isa = PBXFileReference; fileEncoding = 4; lastKnownFileType = file.xib; path = ImagesController.xib; sourceTree = "<group>"; };
		4FE8319E1BD2CD2700B13F5E /* ImageCell.xib */ = {isa = PBXFileReference; fileEncoding = 4; lastKnownFileType = file.xib; path = ImageCell.xib; sourceTree = "<group>"; };
		4FE831A01BD3E77B00B13F5E /* ImageController.swift */ = {isa = PBXFileReference; fileEncoding = 4; lastKnownFileType = sourcecode.swift; path = ImageController.swift; sourceTree = "<group>"; };
		4FE831A21BD3E7DE00B13F5E /* ImageController.xib */ = {isa = PBXFileReference; fileEncoding = 4; lastKnownFileType = file.xib; path = ImageController.xib; sourceTree = "<group>"; };
		4FF8729D1B931E1500A67EEE /* Category.swift */ = {isa = PBXFileReference; fileEncoding = 4; lastKnownFileType = sourcecode.swift; path = Category.swift; sourceTree = "<group>"; };
		4FF8729F1B93245E00A67EEE /* CategoriesTests.swift */ = {isa = PBXFileReference; fileEncoding = 4; lastKnownFileType = sourcecode.swift; path = CategoriesTests.swift; sourceTree = "<group>"; };
		4FF872B91B93367F00A67EEE /* SignedAlamofire.swift */ = {isa = PBXFileReference; fileEncoding = 4; lastKnownFileType = sourcecode.swift; path = SignedAlamofire.swift; sourceTree = "<group>"; };
		4FF872BC1B93446B00A67EEE /* MergeableDictionary.swift */ = {isa = PBXFileReference; fileEncoding = 4; lastKnownFileType = sourcecode.swift; path = MergeableDictionary.swift; sourceTree = "<group>"; };
		4FF872BE1B934F7F00A67EEE /* DictionaryWithJson.swift */ = {isa = PBXFileReference; fileEncoding = 4; lastKnownFileType = sourcecode.swift; path = DictionaryWithJson.swift; sourceTree = "<group>"; };
		4FF872C01B93618D00A67EEE /* FeedTests.swift */ = {isa = PBXFileReference; fileEncoding = 4; lastKnownFileType = sourcecode.swift; path = FeedTests.swift; sourceTree = "<group>"; };
		4FF872C21B93656B00A67EEE /* Image.swift */ = {isa = PBXFileReference; fileEncoding = 4; lastKnownFileType = sourcecode.swift; path = Image.swift; sourceTree = "<group>"; };
		4FFF9CE81BCB7F6B0096E073 /* JSONHelper.framework */ = {isa = PBXFileReference; lastKnownFileType = wrapper.framework; name = JSONHelper.framework; path = ../Carthage/Build/iOS/JSONHelper.framework; sourceTree = "<group>"; };
		4FFF9CE91BCB7F6B0096E073 /* Alamofire.framework */ = {isa = PBXFileReference; lastKnownFileType = wrapper.framework; name = Alamofire.framework; path = ../Carthage/Build/iOS/Alamofire.framework; sourceTree = "<group>"; };
		4FFF9CEB1BCB7F6B0096E073 /* Runes.framework */ = {isa = PBXFileReference; lastKnownFileType = wrapper.framework; name = Runes.framework; path = ../Carthage/Build/iOS/Runes.framework; sourceTree = "<group>"; };
		4FFF9CED1BCB7F6B0096E073 /* OMGHTTPURLRQ.framework */ = {isa = PBXFileReference; lastKnownFileType = wrapper.framework; name = OMGHTTPURLRQ.framework; path = ../Carthage/Build/iOS/OMGHTTPURLRQ.framework; sourceTree = "<group>"; };
		806568E8212EB9399C21D398 /* libPods.a */ = {isa = PBXFileReference; explicitFileType = archive.ar; includeInIndex = 0; path = libPods.a; sourceTree = BUILT_PRODUCTS_DIR; };
		F8F4836745C1DA7C703AA1BF /* Pods.release.xcconfig */ = {isa = PBXFileReference; includeInIndex = 1; lastKnownFileType = text.xcconfig; name = Pods.release.xcconfig; path = "Pods/Target Support Files/Pods/Pods.release.xcconfig"; sourceTree = "<group>"; };
/* End PBXFileReference section */

/* Begin PBXFrameworksBuildPhase section */
		4F1AA5B11B849880007C0632 /* Frameworks */ = {
			isa = PBXFrameworksBuildPhase;
			buildActionMask = 2147483647;
			files = (
				4F5BE2DA1C09F5DB00C18082 /* ImageIO.framework in Frameworks */,
				4FFF9CF31BCB7F6B0096E073 /* Runes.framework in Frameworks */,
				4FAC07DC1C045101001AAD80 /* AlamofireImage.framework in Frameworks */,
				4F0E79AF1BFC921200825B52 /* VKSdkFramework.framework in Frameworks */,
				4FFF9CF11BCB7F6B0096E073 /* Alamofire.framework in Frameworks */,
				4FFF9CF51BCB7F6B0096E073 /* OMGHTTPURLRQ.framework in Frameworks */,
				4F3CBADE1BCBA9BB00169E94 /* PromiseKit.framework in Frameworks */,
				4F7768411C0B0FAC00EF067D /* Pushwoosh.framework in Frameworks */,
				4F8F295C1BD27BE6009C2E36 /* Fabric.framework in Frameworks */,
				4F8F295D1BD27BE6009C2E36 /* Crashlytics.framework in Frameworks */,
				4FAC07DF1C0464BB001AAD80 /* Haneke.framework in Frameworks */,
				4F0199671BD951BD0049ED9E /* Runes.framework in Frameworks */,
				4FFF9CF01BCB7F6B0096E073 /* JSONHelper.framework in Frameworks */,
				B735E0181623DCBFEF7DD918 /* libPods.a in Frameworks */,
			);
			runOnlyForDeploymentPostprocessing = 0;
		};
		4F1AA5C61B849880007C0632 /* Frameworks */ = {
			isa = PBXFrameworksBuildPhase;
			buildActionMask = 2147483647;
			files = (
				4F3CBAE01BCBAB9000169E94 /* PromiseKit.framework in Frameworks */,
				4F3CBAE11BCBAB9000169E94 /* OMGHTTPURLRQ.framework in Frameworks */,
				4F3CBAE31BCBAB9000169E94 /* JSONHelper.framework in Frameworks */,
				4F3CBAE41BCBAB9000169E94 /* Alamofire.framework in Frameworks */,
				4F3CBAE61BCBAB9000169E94 /* Runes.framework in Frameworks */,
			);
			runOnlyForDeploymentPostprocessing = 0;
		};
		4F8F29651BD2AAB9009C2E36 /* Frameworks */ = {
			isa = PBXFrameworksBuildPhase;
			buildActionMask = 2147483647;
			files = (
				4F7768471C0B293000EF067D /* CoreLocation.framework in Frameworks */,
			);
			runOnlyForDeploymentPostprocessing = 0;
		};
/* End PBXFrameworksBuildPhase section */

/* Begin PBXGroup section */
		0BE26741245FDC1B8CF50C57 /* Frameworks */ = {
			isa = PBXGroup;
			children = (
				4F7768461C0B293000EF067D /* CoreLocation.framework */,
				4F5BE2D91C09F5DB00C18082 /* ImageIO.framework */,
				806568E8212EB9399C21D398 /* libPods.a */,
			);
			name = Frameworks;
			sourceTree = "<group>";
		};
		16CD09F638A0F8E8FBFE3143 /* Pods */ = {
			isa = PBXGroup;
			children = (
				3644CBB49619D0735F7F0748 /* Pods.debug.xcconfig */,
				F8F4836745C1DA7C703AA1BF /* Pods.release.xcconfig */,
			);
			name = Pods;
			sourceTree = "<group>";
		};
		4F157E551B9DF85400A5D417 /* ImageCache */ = {
			isa = PBXGroup;
			children = (
				4F157E561B9DF85400A5D417 /* UIImageView+remote.swift */,
			);
			path = ImageCache;
			sourceTree = "<group>";
		};
		4F1AA5AB1B84987F007C0632 = {
			isa = PBXGroup;
			children = (
				4F1AA5B61B849880007C0632 /* OZM */,
				4F1AA5CC1B849880007C0632 /* OZMTests */,
				4F8F29691BD2AAB9009C2E36 /* UMADUITests */,
				4F1AA5B51B849880007C0632 /* Products */,
				16CD09F638A0F8E8FBFE3143 /* Pods */,
				0BE26741245FDC1B8CF50C57 /* Frameworks */,
			);
			sourceTree = "<group>";
		};
		4F1AA5B51B849880007C0632 /* Products */ = {
			isa = PBXGroup;
			children = (
				4F1AA5B41B849880007C0632 /* UMAD.app */,
				4F1AA5C91B849880007C0632 /* UMADTests.xctest */,
				4F8F29681BD2AAB9009C2E36 /* UMADUITests.xctest */,
			);
			name = Products;
			sourceTree = "<group>";
		};
		4F1AA5B61B849880007C0632 /* OZM */ = {
			isa = PBXGroup;
			children = (
				4F7D18DE1B8F29FB00C209B5 /* Frameworks */,
				4F7D18D81B8F033300C209B5 /* Conf */,
				4FF872BB1B93445900A67EEE /* Extensions */,
				4F7D18411B8EBDCB00C209B5 /* Lib */,
				4F7E213A1B9F4695007CB0FF /* UI */,
				4F1AA5D91B8498C9007C0632 /* Models */,
				4F1AA5B91B849880007C0632 /* AppDelegate.swift */,
				4F1AA5C01B849880007C0632 /* Images.xcassets */,
				4F1AA5C21B849880007C0632 /* LaunchScreen.xib */,
				4F1AA5B71B849880007C0632 /* Supporting Files */,
				4F1AA5E31B849CD2007C0632 /* OZM-Bridging-Header.h */,
			);
			path = OZM;
			sourceTree = "<group>";
		};
		4F1AA5B71B849880007C0632 /* Supporting Files */ = {
			isa = PBXGroup;
			children = (
				4F1AA5B81B849880007C0632 /* Info.plist */,
			);
			name = "Supporting Files";
			sourceTree = "<group>";
		};
		4F1AA5CC1B849880007C0632 /* OZMTests */ = {
			isa = PBXGroup;
			children = (
				4F1AA5CF1B849880007C0632 /* HMACTests.swift */,
				4F7D18CD1B8ED44600C209B5 /* RegistrationTests.swift */,
				4FF8729F1B93245E00A67EEE /* CategoriesTests.swift */,
				4FF872C01B93618D00A67EEE /* FeedTests.swift */,
				4F1AA5CD1B849880007C0632 /* Supporting Files */,
				4F8F29621BD29AC5009C2E36 /* MainViewControllerTests.swift */,
			);
			path = OZMTests;
			sourceTree = "<group>";
		};
		4F1AA5CD1B849880007C0632 /* Supporting Files */ = {
			isa = PBXGroup;
			children = (
				4F1AA5CE1B849880007C0632 /* Info.plist */,
			);
			name = "Supporting Files";
			sourceTree = "<group>";
		};
		4F1AA5D91B8498C9007C0632 /* Models */ = {
			isa = PBXGroup;
			children = (
				4F1AA5E41B84F85B007C0632 /* API */,
				4F1AA5DA1B84990F007C0632 /* Auth */,
				4FF8729D1B931E1500A67EEE /* Category.swift */,
				4FF872C21B93656B00A67EEE /* Image.swift */,
				4F8E38351BEFB3A10095833C /* Actions.swift */,
				4F8E38371BEFB9FE0095833C /* ToJson.swift */,
			);
			path = Models;
			sourceTree = "<group>";
		};
		4F1AA5DA1B84990F007C0632 /* Auth */ = {
			isa = PBXGroup;
			children = (
				4F1AA5DB1B84991A007C0632 /* Signatrure.swift */,
				4F7D18CF1B8EF64F00C209B5 /* RegistrationResult.swift */,
			);
			path = Auth;
			sourceTree = "<group>";
		};
		4F1AA5E41B84F85B007C0632 /* API */ = {
			isa = PBXGroup;
			children = (
				4F1AA5E51B84F866007C0632 /* APIClient.swift */,
				4FF872B91B93367F00A67EEE /* SignedAlamofire.swift */,
			);
			path = API;
			sourceTree = "<group>";
		};
		4F5BE2CE1C09E1A000C18082 /* UIImageView-PlayGIF */ = {
			isa = PBXGroup;
			children = (
				4F5BE2CF1C09E1A000C18082 /* UIImageView+PlayGIF.h */,
				4F5BE2D01C09E1A000C18082 /* UIImageView+PlayGIF.m */,
				4F5BE2D11C09E1A000C18082 /* YFGIFImageView.h */,
				4F5BE2D21C09E1A000C18082 /* YFGIFImageView.m */,
			);
			path = "UIImageView-PlayGIF";
			sourceTree = "<group>";
		};
		4F5BE2D51C09F5B000C18082 /* LBGIFImage */ = {
			isa = PBXGroup;
			children = (
				4F5BE2D61C09F5B000C18082 /* UIImage+GIF.h */,
				4F5BE2D71C09F5B000C18082 /* UIImage+GIF.m */,
			);
			path = LBGIFImage;
			sourceTree = "<group>";
		};
		4F7D18411B8EBDCB00C209B5 /* Lib */ = {
			isa = PBXGroup;
			children = (
				4FD4AC3A1C0AF9E30050B970 /* UIColorExtension.swift */,
				4F5BE2D51C09F5B000C18082 /* LBGIFImage */,
				4F5BE2CE1C09E1A000C18082 /* UIImageView-PlayGIF */,
				4FC1484E1C0877F7008D4625 /* FMMosaicLayout */,
				4F7D18D31B8EFC6700C209B5 /* Locksmith */,
			);
			path = Lib;
			sourceTree = "<group>";
		};
		4F7D18D31B8EFC6700C209B5 /* Locksmith */ = {
			isa = PBXGroup;
			children = (
				4F7D18D41B8EFC6700C209B5 /* Locksmith.swift */,
				4F7D18D51B8EFC6700C209B5 /* LocksmithRequest.swift */,
			);
			path = Locksmith;
			sourceTree = "<group>";
		};
		4F7D18D81B8F033300C209B5 /* Conf */ = {
			isa = PBXGroup;
			children = (
				4F7D18D91B8F034300C209B5 /* KeychainConstants.swift */,
				4F7D18DB1B8F149500C209B5 /* APIConstants.swift */,
				4FD4AC381C0AF95D0050B970 /* DefaultColors.swift */,
			);
			path = Conf;
			sourceTree = "<group>";
		};
		4F7D18DE1B8F29FB00C209B5 /* Frameworks */ = {
			isa = PBXGroup;
			children = (
				4F7768401C0B0FAC00EF067D /* Pushwoosh.framework */,
				4FAC07DE1C0464BB001AAD80 /* Haneke.framework */,
				4FAC07DB1C045101001AAD80 /* AlamofireImage.framework */,
				4F0E79AE1BFC921200825B52 /* VKSdkFramework.framework */,
				4F0199661BD951BD0049ED9E /* Runes.framework */,
				4F8F295A1BD27BE6009C2E36 /* Fabric.framework */,
				4F8F295B1BD27BE6009C2E36 /* Crashlytics.framework */,
				4F3CBADC1BCBA9BB00169E94 /* PromiseKit.framework */,
				4F3CBADD1BCBA9BB00169E94 /* OMGHTTPURLRQ.framework */,
				4FFF9CE81BCB7F6B0096E073 /* JSONHelper.framework */,
				4FFF9CE91BCB7F6B0096E073 /* Alamofire.framework */,
				4FFF9CEB1BCB7F6B0096E073 /* Runes.framework */,
				4FFF9CED1BCB7F6B0096E073 /* OMGHTTPURLRQ.framework */,
			);
			name = Frameworks;
			sourceTree = "<group>";
		};
		4F7E213A1B9F4695007CB0FF /* UI */ = {
			isa = PBXGroup;
			children = (
				4FCB4E2C1BA20EFE00DC15AF /* CategoriesController.swift */,
				4FCB4E2E1BA2150400DC15AF /* SplashController.swift */,
				4FCB4E301BA2172900DC15AF /* CategoryCell.swift */,
				4FCB4E321BA292FC00DC15AF /* ImagesController.swift */,
				4FCB4E341BA296BB00DC15AF /* ImageCell.swift */,
				4F8F295E1BD29A44009C2E36 /* MainViewController.swift */,
				4F8F29601BD29A58009C2E36 /* MainViewController.xib */,
				4F8F29801BD2B260009C2E36 /* CategoriesController.xib */,
				4F8F29841BD2B4A6009C2E36 /* CategoryCell.xib */,
				4FE8319C1BD2C8D800B13F5E /* ImagesController.xib */,
				4FE8319E1BD2CD2700B13F5E /* ImageCell.xib */,
				4FE831A01BD3E77B00B13F5E /* ImageController.swift */,
				4FE831A21BD3E7DE00B13F5E /* ImageController.xib */,
				4FDC76061BF0CB3A0041AEAA /* FeedController.swift */,
				4FDC76081BF0CB690041AEAA /* FeedController.xib */,
				4FDC760A1BF0CCB10041AEAA /* FeedImageCell.swift */,
				4FDC760C1BF0CCFB0041AEAA /* FeedImageCell.xib */,
			);
			name = UI;
			path = Controllers;
			sourceTree = "<group>";
		};
		4F8F29691BD2AAB9009C2E36 /* UMADUITests */ = {
			isa = PBXGroup;
			children = (
				4F7768441C0B27C300EF067D /* SnapshotHelper.swift */,
				4F8F296A1BD2AAB9009C2E36 /* UMADUITests.swift */,
				4F8F296C1BD2AAB9009C2E36 /* Info.plist */,
			);
			path = UMADUITests;
			sourceTree = "<group>";
		};
		4FC1484E1C0877F7008D4625 /* FMMosaicLayout */ = {
			isa = PBXGroup;
			children = (
				4FC1484F1C0877F7008D4625 /* Assets */,
				4FC148511C0877F7008D4625 /* Classes */,
			);
			path = FMMosaicLayout;
			sourceTree = "<group>";
		};
		4FC1484F1C0877F7008D4625 /* Assets */ = {
			isa = PBXGroup;
			children = (
				4FC148501C0877F7008D4625 /* .gitkeep */,
			);
			path = Assets;
			sourceTree = "<group>";
		};
		4FC148511C0877F7008D4625 /* Classes */ = {
			isa = PBXGroup;
			children = (
				4FC148521C0877F7008D4625 /* .gitkeep */,
				4FC148531C0877F7008D4625 /* FMMosaicLayout.h */,
				4FC148541C0877F7008D4625 /* FMMosaicLayout.m */,
			);
			path = Classes;
			sourceTree = "<group>";
		};
		4FF872BB1B93445900A67EEE /* Extensions */ = {
			isa = PBXGroup;
			children = (
				4F157E551B9DF85400A5D417 /* ImageCache */,
				4FF872BC1B93446B00A67EEE /* MergeableDictionary.swift */,
				4FF872BE1B934F7F00A67EEE /* DictionaryWithJson.swift */,
			);
			path = Extensions;
			sourceTree = "<group>";
		};
/* End PBXGroup section */

/* Begin PBXNativeTarget section */
		4F1AA5B31B849880007C0632 /* UMAD */ = {
			isa = PBXNativeTarget;
			buildConfigurationList = 4F1AA5D31B849880007C0632 /* Build configuration list for PBXNativeTarget "UMAD" */;
			buildPhases = (
				D444CFC636868BBEF0354D34 /* Check Pods Manifest.lock */,
				4F1AA5B01B849880007C0632 /* Sources */,
				4F1AA5B11B849880007C0632 /* Frameworks */,
				4F1AA5B21B849880007C0632 /* Resources */,
				4F7D18DD1B8F29E500C209B5 /* ShellScript */,
				4F3CBAE81BCBABD400169E94 /* CopyFiles */,
				9CEB0CDF34F0B77577894AAA /* Embed Pods Frameworks */,
				E57EAAE9F1D6CAD741C4C728 /* Copy Pods Resources */,
				4F19EA9A1C0B383C0006B440 /* ShellScript */,
			);
			buildRules = (
			);
			dependencies = (
			);
			name = UMAD;
			productName = OZM;
			productReference = 4F1AA5B41B849880007C0632 /* UMAD.app */;
			productType = "com.apple.product-type.application";
		};
		4F1AA5C81B849880007C0632 /* UMADTests */ = {
			isa = PBXNativeTarget;
			buildConfigurationList = 4F1AA5D61B849880007C0632 /* Build configuration list for PBXNativeTarget "UMADTests" */;
			buildPhases = (
				4F1AA5C51B849880007C0632 /* Sources */,
				4F1AA5C61B849880007C0632 /* Frameworks */,
				4F1AA5C71B849880007C0632 /* Resources */,
			);
			buildRules = (
			);
			dependencies = (
				4F1AA5CB1B849880007C0632 /* PBXTargetDependency */,
			);
			name = UMADTests;
			productName = OZMTests;
			productReference = 4F1AA5C91B849880007C0632 /* UMADTests.xctest */;
			productType = "com.apple.product-type.bundle.unit-test";
		};
		4F8F29671BD2AAB9009C2E36 /* UMADUITests */ = {
			isa = PBXNativeTarget;
			buildConfigurationList = 4F8F296F1BD2AAB9009C2E36 /* Build configuration list for PBXNativeTarget "UMADUITests" */;
			buildPhases = (
				4F8F29641BD2AAB9009C2E36 /* Sources */,
				4F8F29651BD2AAB9009C2E36 /* Frameworks */,
				4F8F29661BD2AAB9009C2E36 /* Resources */,
			);
			buildRules = (
			);
			dependencies = (
				4F8F296E1BD2AAB9009C2E36 /* PBXTargetDependency */,
			);
			name = UMADUITests;
			productName = UMADUITests;
			productReference = 4F8F29681BD2AAB9009C2E36 /* UMADUITests.xctest */;
			productType = "com.apple.product-type.bundle.ui-testing";
		};
/* End PBXNativeTarget section */

/* Begin PBXProject section */
		4F1AA5AC1B84987F007C0632 /* Project object */ = {
			isa = PBXProject;
			attributes = {
				LastSwiftMigration = 0700;
				LastSwiftUpdateCheck = 0700;
				LastUpgradeCheck = 0700;
				ORGANIZATIONNAME = ozm;
				TargetAttributes = {
					4F1AA5B31B849880007C0632 = {
						CreatedOnToolsVersion = 6.4;
						DevelopmentTeam = V955R23HDV;
					};
					4F1AA5C81B849880007C0632 = {
						CreatedOnToolsVersion = 6.4;
						TestTargetID = 4F1AA5B31B849880007C0632;
					};
					4F8F29671BD2AAB9009C2E36 = {
						CreatedOnToolsVersion = 7.0.1;
						TestTargetID = 4F1AA5B31B849880007C0632;
					};
				};
			};
			buildConfigurationList = 4F1AA5AF1B84987F007C0632 /* Build configuration list for PBXProject "OZM" */;
			compatibilityVersion = "Xcode 3.2";
			developmentRegion = English;
			hasScannedForEncodings = 0;
			knownRegions = (
				en,
				Base,
			);
			mainGroup = 4F1AA5AB1B84987F007C0632;
			productRefGroup = 4F1AA5B51B849880007C0632 /* Products */;
			projectDirPath = "";
			projectRoot = "";
			targets = (
				4F1AA5B31B849880007C0632 /* UMAD */,
				4F1AA5C81B849880007C0632 /* UMADTests */,
				4F8F29671BD2AAB9009C2E36 /* UMADUITests */,
			);
		};
/* End PBXProject section */

/* Begin PBXResourcesBuildPhase section */
		4F1AA5B21B849880007C0632 /* Resources */ = {
			isa = PBXResourcesBuildPhase;
			buildActionMask = 2147483647;
			files = (
				4FE8319F1BD2CD2700B13F5E /* ImageCell.xib in Resources */,
				4F8F29811BD2B260009C2E36 /* CategoriesController.xib in Resources */,
				4FC148551C0877F7008D4625 /* .gitkeep in Resources */,
				4FDC76091BF0CB690041AEAA /* FeedController.xib in Resources */,
				4FDC760D1BF0CCFB0041AEAA /* FeedImageCell.xib in Resources */,
				4FE8319D1BD2C8D800B13F5E /* ImagesController.xib in Resources */,
				4F1AA5C41B849880007C0632 /* LaunchScreen.xib in Resources */,
				4FC148561C0877F7008D4625 /* .gitkeep in Resources */,
				4F8F29851BD2B4A6009C2E36 /* CategoryCell.xib in Resources */,
				4F8F29611BD29A58009C2E36 /* MainViewController.xib in Resources */,
				4F1AA5C11B849880007C0632 /* Images.xcassets in Resources */,
				4FE831A31BD3E7DE00B13F5E /* ImageController.xib in Resources */,
			);
			runOnlyForDeploymentPostprocessing = 0;
		};
		4F1AA5C71B849880007C0632 /* Resources */ = {
			isa = PBXResourcesBuildPhase;
			buildActionMask = 2147483647;
			files = (
			);
			runOnlyForDeploymentPostprocessing = 0;
		};
		4F8F29661BD2AAB9009C2E36 /* Resources */ = {
			isa = PBXResourcesBuildPhase;
			buildActionMask = 2147483647;
			files = (
			);
			runOnlyForDeploymentPostprocessing = 0;
		};
/* End PBXResourcesBuildPhase section */

/* Begin PBXShellScriptBuildPhase section */
		4F19EA9A1C0B383C0006B440 /* ShellScript */ = {
			isa = PBXShellScriptBuildPhase;
			buildActionMask = 2147483647;
			files = (
			);
			inputPaths = (
			);
			outputPaths = (
			);
			runOnlyForDeploymentPostprocessing = 0;
			shellPath = /bin/sh;
			shellScript = "APP_PATH=\"${TARGET_BUILD_DIR}/${WRAPPER_NAME}\"\n\n# This script loops through the frameworks embedded in the application and\n# removes unused architectures.\nfind \"$APP_PATH\" -name '*.framework' -type d | while read -r FRAMEWORK\ndo\nFRAMEWORK_EXECUTABLE_NAME=$(defaults read \"$FRAMEWORK/Info.plist\" CFBundleExecutable)\nFRAMEWORK_EXECUTABLE_PATH=\"$FRAMEWORK/$FRAMEWORK_EXECUTABLE_NAME\"\necho \"Executable is $FRAMEWORK_EXECUTABLE_PATH\"\n\nEXTRACTED_ARCHS=()\n\nfor ARCH in $ARCHS\ndo\necho \"Extracting $ARCH from $FRAMEWORK_EXECUTABLE_NAME\"\nlipo -extract \"$ARCH\" \"$FRAMEWORK_EXECUTABLE_PATH\" -o \"$FRAMEWORK_EXECUTABLE_PATH-$ARCH\"\nEXTRACTED_ARCHS+=(\"$FRAMEWORK_EXECUTABLE_PATH-$ARCH\")\ndone\n\necho \"Merging extracted architectures: ${ARCHS}\"\nlipo -o \"$FRAMEWORK_EXECUTABLE_PATH-merged\" -create \"${EXTRACTED_ARCHS[@]}\"\nrm \"${EXTRACTED_ARCHS[@]}\"\n\necho \"Replacing original executable with thinned version\"\nrm \"$FRAMEWORK_EXECUTABLE_PATH\"\nmv \"$FRAMEWORK_EXECUTABLE_PATH-merged\" \"$FRAMEWORK_EXECUTABLE_PATH\"\n\ndone";
		};
		4F7D18DD1B8F29E500C209B5 /* ShellScript */ = {
			isa = PBXShellScriptBuildPhase;
			buildActionMask = 2147483647;
			files = (
			);
			inputPaths = (
			);
			outputPaths = (
			);
			runOnlyForDeploymentPostprocessing = 0;
			shellPath = /bin/sh;
			shellScript = "./Fabric.framework/run 02f33bb39d2a006a09d97861ff20ac2e0c8ef8fe 4fe142e4841dc3dff8f5294655a645564fd397f70452779dae4f8753f20683b4";
		};
		9CEB0CDF34F0B77577894AAA /* Embed Pods Frameworks */ = {
			isa = PBXShellScriptBuildPhase;
			buildActionMask = 2147483647;
			files = (
			);
			inputPaths = (
			);
			name = "Embed Pods Frameworks";
			outputPaths = (
			);
			runOnlyForDeploymentPostprocessing = 0;
			shellPath = /bin/sh;
			shellScript = "\"${SRCROOT}/Pods/Target Support Files/Pods/Pods-frameworks.sh\"\n";
			showEnvVarsInLog = 0;
		};
		D444CFC636868BBEF0354D34 /* Check Pods Manifest.lock */ = {
			isa = PBXShellScriptBuildPhase;
			buildActionMask = 2147483647;
			files = (
			);
			inputPaths = (
			);
			name = "Check Pods Manifest.lock";
			outputPaths = (
			);
			runOnlyForDeploymentPostprocessing = 0;
			shellPath = /bin/sh;
			shellScript = "diff \"${PODS_ROOT}/../Podfile.lock\" \"${PODS_ROOT}/Manifest.lock\" > /dev/null\nif [[ $? != 0 ]] ; then\n    cat << EOM\nerror: The sandbox is not in sync with the Podfile.lock. Run 'pod install' or update your CocoaPods installation.\nEOM\n    exit 1\nfi\n";
			showEnvVarsInLog = 0;
		};
		E57EAAE9F1D6CAD741C4C728 /* Copy Pods Resources */ = {
			isa = PBXShellScriptBuildPhase;
			buildActionMask = 2147483647;
			files = (
			);
			inputPaths = (
			);
			name = "Copy Pods Resources";
			outputPaths = (
			);
			runOnlyForDeploymentPostprocessing = 0;
			shellPath = /bin/sh;
			shellScript = "\"${SRCROOT}/Pods/Target Support Files/Pods/Pods-resources.sh\"\n";
			showEnvVarsInLog = 0;
		};
/* End PBXShellScriptBuildPhase section */

/* Begin PBXSourcesBuildPhase section */
		4F1AA5B01B849880007C0632 /* Sources */ = {
			isa = PBXSourcesBuildPhase;
			buildActionMask = 2147483647;
			files = (
				4FF872C31B93656B00A67EEE /* Image.swift in Sources */,
				4F7D18D61B8EFC6700C209B5 /* Locksmith.swift in Sources */,
				4FF872BD1B93446B00A67EEE /* MergeableDictionary.swift in Sources */,
				4FCB4E2F1BA2150400DC15AF /* SplashController.swift in Sources */,
				4FF872BA1B93367F00A67EEE /* SignedAlamofire.swift in Sources */,
				4FDC76071BF0CB3A0041AEAA /* FeedController.swift in Sources */,
				4FE831A11BD3E77B00B13F5E /* ImageController.swift in Sources */,
				4F1AA5DC1B84991A007C0632 /* Signatrure.swift in Sources */,
				4F7D18DC1B8F149500C209B5 /* APIConstants.swift in Sources */,
				4F7D18D71B8EFC6700C209B5 /* LocksmithRequest.swift in Sources */,
				4FC148571C0877F7008D4625 /* FMMosaicLayout.m in Sources */,
				4F5BE2D31C09E1A000C18082 /* UIImageView+PlayGIF.m in Sources */,
				4FF872BF1B934F7F00A67EEE /* DictionaryWithJson.swift in Sources */,
				4F5BE2D81C09F5B000C18082 /* UIImage+GIF.m in Sources */,
				4FCB4E351BA296BB00DC15AF /* ImageCell.swift in Sources */,
				4FD4AC391C0AF95D0050B970 /* DefaultColors.swift in Sources */,
				4F8E38361BEFB3A10095833C /* Actions.swift in Sources */,
				4FD4AC3B1C0AF9E30050B970 /* UIColorExtension.swift in Sources */,
				4FCB4E331BA292FC00DC15AF /* ImagesController.swift in Sources */,
				4FCB4E311BA2172900DC15AF /* CategoryCell.swift in Sources */,
				4F1AA5BA1B849880007C0632 /* AppDelegate.swift in Sources */,
				4F7D18D01B8EF64F00C209B5 /* RegistrationResult.swift in Sources */,
				4FF8729E1B931E1500A67EEE /* Category.swift in Sources */,
				4F5BE2D41C09E1A000C18082 /* YFGIFImageView.m in Sources */,
				4FDC760B1BF0CCB10041AEAA /* FeedImageCell.swift in Sources */,
				4F1AA5E61B84F866007C0632 /* APIClient.swift in Sources */,
				4F8E38381BEFB9FE0095833C /* ToJson.swift in Sources */,
				4FCB4E2D1BA20EFE00DC15AF /* CategoriesController.swift in Sources */,
				4F157E571B9DF85400A5D417 /* UIImageView+remote.swift in Sources */,
				4F8F295F1BD29A44009C2E36 /* MainViewController.swift in Sources */,
				4F7D18DA1B8F034300C209B5 /* KeychainConstants.swift in Sources */,
			);
			runOnlyForDeploymentPostprocessing = 0;
		};
		4F1AA5C51B849880007C0632 /* Sources */ = {
			isa = PBXSourcesBuildPhase;
			buildActionMask = 2147483647;
			files = (
				4F7D18CE1B8ED44600C209B5 /* RegistrationTests.swift in Sources */,
				4FF872C11B93618D00A67EEE /* FeedTests.swift in Sources */,
				4F1AA5D01B849880007C0632 /* HMACTests.swift in Sources */,
				4FF872A01B93245E00A67EEE /* CategoriesTests.swift in Sources */,
				4F8F29631BD29AC5009C2E36 /* MainViewControllerTests.swift in Sources */,
			);
			runOnlyForDeploymentPostprocessing = 0;
		};
		4F8F29641BD2AAB9009C2E36 /* Sources */ = {
			isa = PBXSourcesBuildPhase;
			buildActionMask = 2147483647;
			files = (
				4F8F296B1BD2AAB9009C2E36 /* UMADUITests.swift in Sources */,
				4F7768451C0B27C300EF067D /* SnapshotHelper.swift in Sources */,
			);
			runOnlyForDeploymentPostprocessing = 0;
		};
/* End PBXSourcesBuildPhase section */

/* Begin PBXTargetDependency section */
		4F1AA5CB1B849880007C0632 /* PBXTargetDependency */ = {
			isa = PBXTargetDependency;
			target = 4F1AA5B31B849880007C0632 /* UMAD */;
			targetProxy = 4F1AA5CA1B849880007C0632 /* PBXContainerItemProxy */;
		};
		4F8F296E1BD2AAB9009C2E36 /* PBXTargetDependency */ = {
			isa = PBXTargetDependency;
			target = 4F1AA5B31B849880007C0632 /* UMAD */;
			targetProxy = 4F8F296D1BD2AAB9009C2E36 /* PBXContainerItemProxy */;
		};
/* End PBXTargetDependency section */

/* Begin PBXVariantGroup section */
		4F1AA5C21B849880007C0632 /* LaunchScreen.xib */ = {
			isa = PBXVariantGroup;
			children = (
				4F1AA5C31B849880007C0632 /* Base */,
			);
			name = LaunchScreen.xib;
			sourceTree = "<group>";
		};
/* End PBXVariantGroup section */

/* Begin XCBuildConfiguration section */
		4F1AA5D11B849880007C0632 /* Debug */ = {
			isa = XCBuildConfiguration;
			buildSettings = {
				ALWAYS_SEARCH_USER_PATHS = NO;
				CLANG_CXX_LANGUAGE_STANDARD = "gnu++0x";
				CLANG_CXX_LIBRARY = "libc++";
				CLANG_ENABLE_MODULES = YES;
				CLANG_ENABLE_OBJC_ARC = YES;
				CLANG_WARN_BOOL_CONVERSION = YES;
				CLANG_WARN_CONSTANT_CONVERSION = YES;
				CLANG_WARN_DIRECT_OBJC_ISA_USAGE = YES_ERROR;
				CLANG_WARN_EMPTY_BODY = YES;
				CLANG_WARN_ENUM_CONVERSION = YES;
				CLANG_WARN_INT_CONVERSION = YES;
				CLANG_WARN_OBJC_ROOT_CLASS = YES_ERROR;
				CLANG_WARN_UNREACHABLE_CODE = YES;
				CLANG_WARN__DUPLICATE_METHOD_MATCH = YES;
				"CODE_SIGN_IDENTITY[sdk=iphoneos*]" = "iPhone Developer";
				COPY_PHASE_STRIP = NO;
				DEBUG_INFORMATION_FORMAT = "dwarf-with-dsym";
				ENABLE_STRICT_OBJC_MSGSEND = YES;
				ENABLE_TESTABILITY = YES;
				GCC_C_LANGUAGE_STANDARD = gnu99;
				GCC_DYNAMIC_NO_PIC = NO;
				GCC_NO_COMMON_BLOCKS = YES;
				GCC_OPTIMIZATION_LEVEL = 0;
				GCC_PREPROCESSOR_DEFINITIONS = (
					"DEBUG=1",
					"$(inherited)",
				);
				GCC_SYMBOLS_PRIVATE_EXTERN = NO;
				GCC_WARN_64_TO_32_BIT_CONVERSION = YES;
				GCC_WARN_ABOUT_RETURN_TYPE = YES_ERROR;
				GCC_WARN_UNDECLARED_SELECTOR = YES;
				GCC_WARN_UNINITIALIZED_AUTOS = YES_AGGRESSIVE;
				GCC_WARN_UNUSED_FUNCTION = YES;
				GCC_WARN_UNUSED_VARIABLE = YES;
				IPHONEOS_DEPLOYMENT_TARGET = 8.4;
				MTL_ENABLE_DEBUG_INFO = YES;
				ONLY_ACTIVE_ARCH = YES;
				SDKROOT = iphoneos;
				SWIFT_OPTIMIZATION_LEVEL = "-Onone";
			};
			name = Debug;
		};
		4F1AA5D21B849880007C0632 /* Release */ = {
			isa = XCBuildConfiguration;
			buildSettings = {
				ALWAYS_SEARCH_USER_PATHS = NO;
				CLANG_CXX_LANGUAGE_STANDARD = "gnu++0x";
				CLANG_CXX_LIBRARY = "libc++";
				CLANG_ENABLE_MODULES = YES;
				CLANG_ENABLE_OBJC_ARC = YES;
				CLANG_WARN_BOOL_CONVERSION = YES;
				CLANG_WARN_CONSTANT_CONVERSION = YES;
				CLANG_WARN_DIRECT_OBJC_ISA_USAGE = YES_ERROR;
				CLANG_WARN_EMPTY_BODY = YES;
				CLANG_WARN_ENUM_CONVERSION = YES;
				CLANG_WARN_INT_CONVERSION = YES;
				CLANG_WARN_OBJC_ROOT_CLASS = YES_ERROR;
				CLANG_WARN_UNREACHABLE_CODE = YES;
				CLANG_WARN__DUPLICATE_METHOD_MATCH = YES;
				"CODE_SIGN_IDENTITY[sdk=iphoneos*]" = "iPhone Developer";
				COPY_PHASE_STRIP = NO;
				DEBUG_INFORMATION_FORMAT = "dwarf-with-dsym";
				ENABLE_NS_ASSERTIONS = NO;
				ENABLE_STRICT_OBJC_MSGSEND = YES;
				GCC_C_LANGUAGE_STANDARD = gnu99;
				GCC_NO_COMMON_BLOCKS = YES;
				GCC_WARN_64_TO_32_BIT_CONVERSION = YES;
				GCC_WARN_ABOUT_RETURN_TYPE = YES_ERROR;
				GCC_WARN_UNDECLARED_SELECTOR = YES;
				GCC_WARN_UNINITIALIZED_AUTOS = YES_AGGRESSIVE;
				GCC_WARN_UNUSED_FUNCTION = YES;
				GCC_WARN_UNUSED_VARIABLE = YES;
				IPHONEOS_DEPLOYMENT_TARGET = 8.4;
				MTL_ENABLE_DEBUG_INFO = NO;
				SDKROOT = iphoneos;
				VALIDATE_PRODUCT = YES;
			};
			name = Release;
		};
		4F1AA5D41B849880007C0632 /* Debug */ = {
			isa = XCBuildConfiguration;
			baseConfigurationReference = 3644CBB49619D0735F7F0748 /* Pods.debug.xcconfig */;
			buildSettings = {
				ALWAYS_SEARCH_USER_PATHS = YES;
				ASSETCATALOG_COMPILER_APPICON_NAME = AppIcon;
				CODE_SIGN_IDENTITY = "iPhone Developer";
				DEFINES_MODULE = YES;
				ENABLE_BITCODE = NO;
				ENABLE_TESTABILITY = YES;
				FRAMEWORK_SEARCH_PATHS = (
					"$(inherited)",
					"$(PROJECT_DIR)/OZM",
					"$(PROJECT_DIR)/Carthage/Build/iOS",
				);
				HEADER_SEARCH_PATHS = (
					"$(inherited)",
					/Applications/Xcode.app/Contents/Developer/Toolchains/XcodeDefault.xctoolchain/usr/include,
				);
				INFOPLIST_FILE = OZM/Info.plist;
				IPHONEOS_DEPLOYMENT_TARGET = 8.0;
				LD_RUNPATH_SEARCH_PATHS = "$(inherited) @executable_path/Frameworks";
				LIBRARY_SEARCH_PATHS = (
					"$(inherited)",
					"$(SDKROOT)/usr/lib/system",
				);
				OTHER_LDFLAGS = "$(inherited)";
				PRODUCT_BUNDLE_IDENTIFIER = "com.umad.$(PRODUCT_NAME:rfc1034identifier)";
				PRODUCT_NAME = "$(TARGET_NAME)";
				PROVISIONING_PROFILE = "548cf822-647d-4fef-9ddc-cc8a520a3858";
				SWIFT_INSTALL_OBJC_HEADER = YES;
				SWIFT_OBJC_BRIDGING_HEADER = "OZM/OZM-Bridging-Header.h";
			};
			name = Debug;
		};
		4F1AA5D51B849880007C0632 /* Release */ = {
			isa = XCBuildConfiguration;
			baseConfigurationReference = F8F4836745C1DA7C703AA1BF /* Pods.release.xcconfig */;
			buildSettings = {
				ALWAYS_SEARCH_USER_PATHS = YES;
				ASSETCATALOG_COMPILER_APPICON_NAME = AppIcon;
				CODE_SIGN_IDENTITY = "iPhone Distribution: Zamesin Ivan (V955R23HDV)";
				DEFINES_MODULE = YES;
				ENABLE_BITCODE = NO;
				ENABLE_TESTABILITY = YES;
				FRAMEWORK_SEARCH_PATHS = (
					"$(inherited)",
					"$(PROJECT_DIR)/OZM",
					"$(PROJECT_DIR)/Carthage/Build/iOS",
				);
				HEADER_SEARCH_PATHS = (
					"$(inherited)",
					/Applications/Xcode.app/Contents/Developer/Toolchains/XcodeDefault.xctoolchain/usr/include,
				);
				INFOPLIST_FILE = OZM/Info.plist;
				IPHONEOS_DEPLOYMENT_TARGET = 8.0;
				LD_RUNPATH_SEARCH_PATHS = "$(inherited) @executable_path/Frameworks";
				LIBRARY_SEARCH_PATHS = (
					"$(inherited)",
					"$(SDKROOT)/usr/lib/system",
				);
				OTHER_LDFLAGS = "$(inherited)";
				PRODUCT_BUNDLE_IDENTIFIER = "com.umad.$(PRODUCT_NAME:rfc1034identifier)";
				PRODUCT_NAME = "$(TARGET_NAME)";
				PROVISIONING_PROFILE = "548cf822-647d-4fef-9ddc-cc8a520a3858";
				SWIFT_INSTALL_OBJC_HEADER = YES;
				SWIFT_OBJC_BRIDGING_HEADER = "OZM/OZM-Bridging-Header.h";
			};
			name = Release;
		};
		4F1AA5D71B849880007C0632 /* Debug */ = {
			isa = XCBuildConfiguration;
			baseConfigurationReference = 3644CBB49619D0735F7F0748 /* Pods.debug.xcconfig */;
			buildSettings = {
				ALWAYS_SEARCH_USER_PATHS = YES;
				BUNDLE_LOADER = "$(TEST_HOST)";
				FRAMEWORK_SEARCH_PATHS = (
					"$(inherited)",
					"$(SDKROOT)/Developer/Library/Frameworks",
					"$(PROJECT_DIR)/Carthage/Build/iOS",
				);
				GCC_PREPROCESSOR_DEFINITIONS = (
					"DEBUG=1",
					"$(inherited)",
				);
				HEADER_SEARCH_PATHS = "$(inherited)";
				INFOPLIST_FILE = OZMTests/Info.plist;
				IPHONEOS_DEPLOYMENT_TARGET = 9.0;
				LD_RUNPATH_SEARCH_PATHS = "$(inherited) @executable_path/Frameworks @loader_path/Frameworks";
				PRODUCT_BUNDLE_IDENTIFIER = "com.umad.$(PRODUCT_NAME:rfc1034identifier)";
				PRODUCT_NAME = "$(TARGET_NAME)";
				TEST_HOST = "$(BUILT_PRODUCTS_DIR)/UMAD.app/UMAD";
			};
			name = Debug;
		};
		4F1AA5D81B849880007C0632 /* Release */ = {
			isa = XCBuildConfiguration;
			buildSettings = {
				ALWAYS_SEARCH_USER_PATHS = YES;
				BUNDLE_LOADER = "$(TEST_HOST)";
				FRAMEWORK_SEARCH_PATHS = (
					"$(inherited)",
					"$(SDKROOT)/Developer/Library/Frameworks",
					"$(PROJECT_DIR)/Carthage/Build/iOS",
				);
				HEADER_SEARCH_PATHS = "$(inherited)";
				INFOPLIST_FILE = OZMTests/Info.plist;
				IPHONEOS_DEPLOYMENT_TARGET = 9.0;
				LD_RUNPATH_SEARCH_PATHS = "$(inherited) @executable_path/Frameworks @loader_path/Frameworks";
				PRODUCT_BUNDLE_IDENTIFIER = "com.umad.$(PRODUCT_NAME:rfc1034identifier)";
				PRODUCT_NAME = "$(TARGET_NAME)";
				TEST_HOST = "$(BUILT_PRODUCTS_DIR)/UMAD.app/UMAD";
			};
			name = Release;
		};
		4F8F29701BD2AAB9009C2E36 /* Debug */ = {
			isa = XCBuildConfiguration;
			baseConfigurationReference = 3644CBB49619D0735F7F0748 /* Pods.debug.xcconfig */;
			buildSettings = {
				ALWAYS_SEARCH_USER_PATHS = YES;
				DEBUG_INFORMATION_FORMAT = dwarf;
				ENABLE_TESTABILITY = YES;
				INFOPLIST_FILE = UMADUITests/Info.plist;
				IPHONEOS_DEPLOYMENT_TARGET = 9.0;
				LD_RUNPATH_SEARCH_PATHS = "$(inherited) @executable_path/Frameworks @loader_path/Frameworks";
				PRODUCT_BUNDLE_IDENTIFIER = com.ozm.UMADUITests;
				PRODUCT_NAME = "$(TARGET_NAME)";
				PROVISIONING_PROFILE = "19eb2d72-bf7e-4645-92f1-06ae3e2e0fb0";
				TEST_TARGET_NAME = UMAD;
				USES_XCTRUNNER = YES;
			};
			name = Debug;
		};
		4F8F29711BD2AAB9009C2E36 /* Release */ = {
			isa = XCBuildConfiguration;
			buildSettings = {
				ALWAYS_SEARCH_USER_PATHS = YES;
				INFOPLIST_FILE = UMADUITests/Info.plist;
				IPHONEOS_DEPLOYMENT_TARGET = 9.0;
				LD_RUNPATH_SEARCH_PATHS = "$(inherited) @executable_path/Frameworks @loader_path/Frameworks";
				PRODUCT_BUNDLE_IDENTIFIER = com.ozm.UMADUITests;
				PRODUCT_NAME = "$(TARGET_NAME)";
				PROVISIONING_PROFILE = "19eb2d72-bf7e-4645-92f1-06ae3e2e0fb0";
				TEST_TARGET_NAME = UMAD;
				USES_XCTRUNNER = YES;
			};
			name = Release;
		};
/* End XCBuildConfiguration section */

/* Begin XCConfigurationList section */
		4F1AA5AF1B84987F007C0632 /* Build configuration list for PBXProject "OZM" */ = {
			isa = XCConfigurationList;
			buildConfigurations = (
				4F1AA5D11B849880007C0632 /* Debug */,
				4F1AA5D21B849880007C0632 /* Release */,
			);
			defaultConfigurationIsVisible = 0;
			defaultConfigurationName = Release;
		};
		4F1AA5D31B849880007C0632 /* Build configuration list for PBXNativeTarget "UMAD" */ = {
			isa = XCConfigurationList;
			buildConfigurations = (
				4F1AA5D41B849880007C0632 /* Debug */,
				4F1AA5D51B849880007C0632 /* Release */,
			);
			defaultConfigurationIsVisible = 0;
			defaultConfigurationName = Release;
		};
		4F1AA5D61B849880007C0632 /* Build configuration list for PBXNativeTarget "UMADTests" */ = {
			isa = XCConfigurationList;
			buildConfigurations = (
				4F1AA5D71B849880007C0632 /* Debug */,
				4F1AA5D81B849880007C0632 /* Release */,
			);
			defaultConfigurationIsVisible = 0;
			defaultConfigurationName = Release;
		};
		4F8F296F1BD2AAB9009C2E36 /* Build configuration list for PBXNativeTarget "UMADUITests" */ = {
			isa = XCConfigurationList;
			buildConfigurations = (
				4F8F29701BD2AAB9009C2E36 /* Debug */,
				4F8F29711BD2AAB9009C2E36 /* Release */,
			);
			defaultConfigurationIsVisible = 0;
			defaultConfigurationName = Release;
		};
/* End XCConfigurationList section */
	};
	rootObject = 4F1AA5AC1B84987F007C0632 /* Project object */;
}
