// !$*UTF8*$!
{
	archiveVersion = 1;
	classes = {
	};
	objectVersion = 46;
	objects = {

/* Begin PBXBuildFile section */
		4F157E571B9DF85400A5D417 /* UIImageView+remote.swift in Sources */ = {isa = PBXBuildFile; fileRef = 4F157E561B9DF85400A5D417 /* UIImageView+remote.swift */; };
		4F157E6D1B9DFC2100A5D417 /* AnimatableImageView.swift in Sources */ = {isa = PBXBuildFile; fileRef = 4F157E651B9DFC2100A5D417 /* AnimatableImageView.swift */; };
		4F157E6E1B9DFC2100A5D417 /* AnimatedFrame.swift in Sources */ = {isa = PBXBuildFile; fileRef = 4F157E661B9DFC2100A5D417 /* AnimatedFrame.swift */; };
		4F157E6F1B9DFC2100A5D417 /* Animator.swift in Sources */ = {isa = PBXBuildFile; fileRef = 4F157E671B9DFC2100A5D417 /* Animator.swift */; };
		4F157E701B9DFC2100A5D417 /* Curry.swift in Sources */ = {isa = PBXBuildFile; fileRef = 4F157E681B9DFC2100A5D417 /* Curry.swift */; };
		4F157E711B9DFC2100A5D417 /* ImageSourceHelpers.swift in Sources */ = {isa = PBXBuildFile; fileRef = 4F157E6A1B9DFC2100A5D417 /* ImageSourceHelpers.swift */; };
		4F157E731B9DFC2100A5D417 /* UIImageExtension.swift in Sources */ = {isa = PBXBuildFile; fileRef = 4F157E6C1B9DFC2100A5D417 /* UIImageExtension.swift */; };
		4F157E7A1B9DFCCD00A5D417 /* Array.swift in Sources */ = {isa = PBXBuildFile; fileRef = 4F157E751B9DFCCD00A5D417 /* Array.swift */; };
		4F157E7C1B9DFCCD00A5D417 /* Operators.swift in Sources */ = {isa = PBXBuildFile; fileRef = 4F157E771B9DFCCD00A5D417 /* Operators.swift */; };
		4F157E7D1B9DFCCD00A5D417 /* Optional.swift in Sources */ = {isa = PBXBuildFile; fileRef = 4F157E781B9DFCCD00A5D417 /* Optional.swift */; };
		4F1AA5BA1B849880007C0632 /* AppDelegate.swift in Sources */ = {isa = PBXBuildFile; fileRef = 4F1AA5B91B849880007C0632 /* AppDelegate.swift */; };
		4F1AA5C11B849880007C0632 /* Images.xcassets in Resources */ = {isa = PBXBuildFile; fileRef = 4F1AA5C01B849880007C0632 /* Images.xcassets */; };
		4F1AA5C41B849880007C0632 /* LaunchScreen.xib in Resources */ = {isa = PBXBuildFile; fileRef = 4F1AA5C21B849880007C0632 /* LaunchScreen.xib */; };
		4F1AA5D01B849880007C0632 /* HMACTests.swift in Sources */ = {isa = PBXBuildFile; fileRef = 4F1AA5CF1B849880007C0632 /* HMACTests.swift */; };
		4F1AA5DC1B84991A007C0632 /* Signatrure.swift in Sources */ = {isa = PBXBuildFile; fileRef = 4F1AA5DB1B84991A007C0632 /* Signatrure.swift */; };
		4F1AA5E61B84F866007C0632 /* APIClient.swift in Sources */ = {isa = PBXBuildFile; fileRef = 4F1AA5E51B84F866007C0632 /* APIClient.swift */; };
		4F7D18CA1B8EBDCB00C209B5 /* PromiseKit.m in Sources */ = {isa = PBXBuildFile; fileRef = 4F7D18981B8EBDCB00C209B5 /* PromiseKit.m */; };
		4F7D18CB1B8EBDCB00C209B5 /* PromiseKit.swift in Sources */ = {isa = PBXBuildFile; fileRef = 4F7D18991B8EBDCB00C209B5 /* PromiseKit.swift */; };
		4F7D18CE1B8ED44600C209B5 /* RegistrationTests.swift in Sources */ = {isa = PBXBuildFile; fileRef = 4F7D18CD1B8ED44600C209B5 /* RegistrationTests.swift */; };
		4F7D18D01B8EF64F00C209B5 /* RegistrationResult.swift in Sources */ = {isa = PBXBuildFile; fileRef = 4F7D18CF1B8EF64F00C209B5 /* RegistrationResult.swift */; };
		4F7D18D21B8EF7A900C209B5 /* JSONHelper.swift in Sources */ = {isa = PBXBuildFile; fileRef = 4F7D18D11B8EF7A900C209B5 /* JSONHelper.swift */; };
		4F7D18D61B8EFC6700C209B5 /* Locksmith.swift in Sources */ = {isa = PBXBuildFile; fileRef = 4F7D18D41B8EFC6700C209B5 /* Locksmith.swift */; };
		4F7D18D71B8EFC6700C209B5 /* LocksmithRequest.swift in Sources */ = {isa = PBXBuildFile; fileRef = 4F7D18D51B8EFC6700C209B5 /* LocksmithRequest.swift */; };
		4F7D18DA1B8F034300C209B5 /* KeychainConstants.swift in Sources */ = {isa = PBXBuildFile; fileRef = 4F7D18D91B8F034300C209B5 /* KeychainConstants.swift */; };
		4F7D18DC1B8F149500C209B5 /* APIConstants.swift in Sources */ = {isa = PBXBuildFile; fileRef = 4F7D18DB1B8F149500C209B5 /* APIConstants.swift */; };
		4F7D18E11B8F2A0600C209B5 /* Fabric.framework in Frameworks */ = {isa = PBXBuildFile; fileRef = 4F7D18DF1B8F2A0600C209B5 /* Fabric.framework */; };
		4F7D18E21B8F2A0600C209B5 /* Crashlytics.framework in Frameworks */ = {isa = PBXBuildFile; fileRef = 4F7D18E01B8F2A0600C209B5 /* Crashlytics.framework */; };
		4F7E21401B9F4900007CB0FF /* Main.storyboard in Resources */ = {isa = PBXBuildFile; fileRef = 4F7E213F1B9F4900007CB0FF /* Main.storyboard */; };
		4FCB4E2D1BA20EFE00DC15AF /* CategoriesController.swift in Sources */ = {isa = PBXBuildFile; fileRef = 4FCB4E2C1BA20EFE00DC15AF /* CategoriesController.swift */; };
		4FCB4E2F1BA2150400DC15AF /* SplashController.swift in Sources */ = {isa = PBXBuildFile; fileRef = 4FCB4E2E1BA2150400DC15AF /* SplashController.swift */; };
		4FCB4E311BA2172900DC15AF /* CategoryCell.swift in Sources */ = {isa = PBXBuildFile; fileRef = 4FCB4E301BA2172900DC15AF /* CategoryCell.swift */; };
		4FCB4E331BA292FC00DC15AF /* ImagesController.swift in Sources */ = {isa = PBXBuildFile; fileRef = 4FCB4E321BA292FC00DC15AF /* ImagesController.swift */; };
		4FCB4E351BA296BB00DC15AF /* ImageCell.swift in Sources */ = {isa = PBXBuildFile; fileRef = 4FCB4E341BA296BB00DC15AF /* ImageCell.swift */; };
		4FF8729E1B931E1500A67EEE /* Category.swift in Sources */ = {isa = PBXBuildFile; fileRef = 4FF8729D1B931E1500A67EEE /* Category.swift */; };
		4FF872A01B93245E00A67EEE /* CategoriesTests.swift in Sources */ = {isa = PBXBuildFile; fileRef = 4FF8729F1B93245E00A67EEE /* CategoriesTests.swift */; };
		4FF872AE1B932EE900A67EEE /* Alamofire.swift in Sources */ = {isa = PBXBuildFile; fileRef = 4FF872A31B932EE900A67EEE /* Alamofire.swift */; };
		4FF872AF1B932EE900A67EEE /* Download.swift in Sources */ = {isa = PBXBuildFile; fileRef = 4FF872A41B932EE900A67EEE /* Download.swift */; };
		4FF872B01B932EE900A67EEE /* Info.plist in Resources */ = {isa = PBXBuildFile; fileRef = 4FF872A51B932EE900A67EEE /* Info.plist */; };
		4FF872B11B932EE900A67EEE /* Manager.swift in Sources */ = {isa = PBXBuildFile; fileRef = 4FF872A61B932EE900A67EEE /* Manager.swift */; };
		4FF872B21B932EE900A67EEE /* MultipartFormData.swift in Sources */ = {isa = PBXBuildFile; fileRef = 4FF872A71B932EE900A67EEE /* MultipartFormData.swift */; };
		4FF872B31B932EE900A67EEE /* ParameterEncoding.swift in Sources */ = {isa = PBXBuildFile; fileRef = 4FF872A81B932EE900A67EEE /* ParameterEncoding.swift */; };
		4FF872B41B932EE900A67EEE /* Request.swift in Sources */ = {isa = PBXBuildFile; fileRef = 4FF872A91B932EE900A67EEE /* Request.swift */; };
		4FF872B51B932EE900A67EEE /* ResponseSerialization.swift in Sources */ = {isa = PBXBuildFile; fileRef = 4FF872AA1B932EE900A67EEE /* ResponseSerialization.swift */; };
		4FF872B61B932EE900A67EEE /* ServerTrustPolicy.swift in Sources */ = {isa = PBXBuildFile; fileRef = 4FF872AB1B932EE900A67EEE /* ServerTrustPolicy.swift */; };
		4FF872B71B932EE900A67EEE /* Upload.swift in Sources */ = {isa = PBXBuildFile; fileRef = 4FF872AC1B932EE900A67EEE /* Upload.swift */; };
		4FF872B81B932EE900A67EEE /* Validation.swift in Sources */ = {isa = PBXBuildFile; fileRef = 4FF872AD1B932EE900A67EEE /* Validation.swift */; };
		4FF872BA1B93367F00A67EEE /* SignedAlamofire.swift in Sources */ = {isa = PBXBuildFile; fileRef = 4FF872B91B93367F00A67EEE /* SignedAlamofire.swift */; };
		4FF872BD1B93446B00A67EEE /* MergeableDictionary.swift in Sources */ = {isa = PBXBuildFile; fileRef = 4FF872BC1B93446B00A67EEE /* MergeableDictionary.swift */; };
		4FF872BF1B934F7F00A67EEE /* DictionaryWithJson.swift in Sources */ = {isa = PBXBuildFile; fileRef = 4FF872BE1B934F7F00A67EEE /* DictionaryWithJson.swift */; };
		4FF872C11B93618D00A67EEE /* FeedTests.swift in Sources */ = {isa = PBXBuildFile; fileRef = 4FF872C01B93618D00A67EEE /* FeedTests.swift */; };
		4FF872C31B93656B00A67EEE /* Image.swift in Sources */ = {isa = PBXBuildFile; fileRef = 4FF872C21B93656B00A67EEE /* Image.swift */; };
/* End PBXBuildFile section */

/* Begin PBXContainerItemProxy section */
		4F1AA5CA1B849880007C0632 /* PBXContainerItemProxy */ = {
			isa = PBXContainerItemProxy;
			containerPortal = 4F1AA5AC1B84987F007C0632 /* Project object */;
			proxyType = 1;
			remoteGlobalIDString = 4F1AA5B31B849880007C0632;
			remoteInfo = OZM;
		};
/* End PBXContainerItemProxy section */

/* Begin PBXFileReference section */
		4F157E561B9DF85400A5D417 /* UIImageView+remote.swift */ = {isa = PBXFileReference; fileEncoding = 4; lastKnownFileType = sourcecode.swift; path = "UIImageView+remote.swift"; sourceTree = "<group>"; };
		4F157E651B9DFC2100A5D417 /* AnimatableImageView.swift */ = {isa = PBXFileReference; fileEncoding = 4; lastKnownFileType = sourcecode.swift; path = AnimatableImageView.swift; sourceTree = "<group>"; };
		4F157E661B9DFC2100A5D417 /* AnimatedFrame.swift */ = {isa = PBXFileReference; fileEncoding = 4; lastKnownFileType = sourcecode.swift; path = AnimatedFrame.swift; sourceTree = "<group>"; };
		4F157E671B9DFC2100A5D417 /* Animator.swift */ = {isa = PBXFileReference; fileEncoding = 4; lastKnownFileType = sourcecode.swift; path = Animator.swift; sourceTree = "<group>"; };
		4F157E681B9DFC2100A5D417 /* Curry.swift */ = {isa = PBXFileReference; fileEncoding = 4; lastKnownFileType = sourcecode.swift; path = Curry.swift; sourceTree = "<group>"; };
		4F157E6A1B9DFC2100A5D417 /* ImageSourceHelpers.swift */ = {isa = PBXFileReference; fileEncoding = 4; lastKnownFileType = sourcecode.swift; path = ImageSourceHelpers.swift; sourceTree = "<group>"; };
		4F157E6C1B9DFC2100A5D417 /* UIImageExtension.swift */ = {isa = PBXFileReference; fileEncoding = 4; lastKnownFileType = sourcecode.swift; path = UIImageExtension.swift; sourceTree = "<group>"; };
		4F157E751B9DFCCD00A5D417 /* Array.swift */ = {isa = PBXFileReference; fileEncoding = 4; lastKnownFileType = sourcecode.swift; path = Array.swift; sourceTree = "<group>"; };
		4F157E771B9DFCCD00A5D417 /* Operators.swift */ = {isa = PBXFileReference; fileEncoding = 4; lastKnownFileType = sourcecode.swift; path = Operators.swift; sourceTree = "<group>"; };
		4F157E781B9DFCCD00A5D417 /* Optional.swift */ = {isa = PBXFileReference; fileEncoding = 4; lastKnownFileType = sourcecode.swift; path = Optional.swift; sourceTree = "<group>"; };
		4F1AA5B41B849880007C0632 /* OZM.app */ = {isa = PBXFileReference; explicitFileType = wrapper.application; includeInIndex = 0; path = OZM.app; sourceTree = BUILT_PRODUCTS_DIR; };
		4F1AA5B81B849880007C0632 /* Info.plist */ = {isa = PBXFileReference; lastKnownFileType = text.plist.xml; path = Info.plist; sourceTree = "<group>"; };
		4F1AA5B91B849880007C0632 /* AppDelegate.swift */ = {isa = PBXFileReference; lastKnownFileType = sourcecode.swift; path = AppDelegate.swift; sourceTree = "<group>"; };
		4F1AA5C01B849880007C0632 /* Images.xcassets */ = {isa = PBXFileReference; lastKnownFileType = folder.assetcatalog; path = Images.xcassets; sourceTree = "<group>"; };
		4F1AA5C31B849880007C0632 /* Base */ = {isa = PBXFileReference; lastKnownFileType = file.xib; name = Base; path = Base.lproj/LaunchScreen.xib; sourceTree = "<group>"; };
		4F1AA5C91B849880007C0632 /* UMADTests.xctest */ = {isa = PBXFileReference; explicitFileType = wrapper.cfbundle; includeInIndex = 0; path = UMADTests.xctest; sourceTree = BUILT_PRODUCTS_DIR; };
		4F1AA5CE1B849880007C0632 /* Info.plist */ = {isa = PBXFileReference; lastKnownFileType = text.plist.xml; path = Info.plist; sourceTree = "<group>"; };
		4F1AA5CF1B849880007C0632 /* HMACTests.swift */ = {isa = PBXFileReference; lastKnownFileType = sourcecode.swift; path = HMACTests.swift; sourceTree = "<group>"; };
		4F1AA5DB1B84991A007C0632 /* Signatrure.swift */ = {isa = PBXFileReference; fileEncoding = 4; lastKnownFileType = sourcecode.swift; path = Signatrure.swift; sourceTree = "<group>"; };
		4F1AA5E31B849CD2007C0632 /* OZM-Bridging-Header.h */ = {isa = PBXFileReference; lastKnownFileType = sourcecode.c.h; path = "OZM-Bridging-Header.h"; sourceTree = "<group>"; };
		4F1AA5E51B84F866007C0632 /* APIClient.swift */ = {isa = PBXFileReference; fileEncoding = 4; lastKnownFileType = sourcecode.swift; path = APIClient.swift; sourceTree = "<group>"; };
		4F7D18971B8EBDCB00C209B5 /* PromiseKit.h */ = {isa = PBXFileReference; fileEncoding = 4; lastKnownFileType = sourcecode.c.h; path = PromiseKit.h; sourceTree = "<group>"; };
		4F7D18981B8EBDCB00C209B5 /* PromiseKit.m */ = {isa = PBXFileReference; fileEncoding = 4; lastKnownFileType = sourcecode.c.objc; path = PromiseKit.m; sourceTree = "<group>"; };
		4F7D18991B8EBDCB00C209B5 /* PromiseKit.swift */ = {isa = PBXFileReference; fileEncoding = 4; lastKnownFileType = sourcecode.swift; path = PromiseKit.swift; sourceTree = "<group>"; };
		4F7D18CD1B8ED44600C209B5 /* RegistrationTests.swift */ = {isa = PBXFileReference; fileEncoding = 4; lastKnownFileType = sourcecode.swift; path = RegistrationTests.swift; sourceTree = "<group>"; };
		4F7D18CF1B8EF64F00C209B5 /* RegistrationResult.swift */ = {isa = PBXFileReference; fileEncoding = 4; lastKnownFileType = sourcecode.swift; path = RegistrationResult.swift; sourceTree = "<group>"; };
		4F7D18D11B8EF7A900C209B5 /* JSONHelper.swift */ = {isa = PBXFileReference; fileEncoding = 4; lastKnownFileType = sourcecode.swift; path = JSONHelper.swift; sourceTree = "<group>"; };
		4F7D18D41B8EFC6700C209B5 /* Locksmith.swift */ = {isa = PBXFileReference; fileEncoding = 4; lastKnownFileType = sourcecode.swift; path = Locksmith.swift; sourceTree = "<group>"; };
		4F7D18D51B8EFC6700C209B5 /* LocksmithRequest.swift */ = {isa = PBXFileReference; fileEncoding = 4; lastKnownFileType = sourcecode.swift; path = LocksmithRequest.swift; sourceTree = "<group>"; };
		4F7D18D91B8F034300C209B5 /* KeychainConstants.swift */ = {isa = PBXFileReference; fileEncoding = 4; lastKnownFileType = sourcecode.swift; path = KeychainConstants.swift; sourceTree = "<group>"; };
		4F7D18DB1B8F149500C209B5 /* APIConstants.swift */ = {isa = PBXFileReference; fileEncoding = 4; lastKnownFileType = sourcecode.swift; path = APIConstants.swift; sourceTree = "<group>"; };
		4F7D18DF1B8F2A0600C209B5 /* Fabric.framework */ = {isa = PBXFileReference; lastKnownFileType = wrapper.framework; path = Fabric.framework; sourceTree = "<group>"; };
		4F7D18E01B8F2A0600C209B5 /* Crashlytics.framework */ = {isa = PBXFileReference; lastKnownFileType = wrapper.framework; path = Crashlytics.framework; sourceTree = "<group>"; };
		4F7E213F1B9F4900007CB0FF /* Main.storyboard */ = {isa = PBXFileReference; fileEncoding = 4; lastKnownFileType = file.storyboard; path = Main.storyboard; sourceTree = "<group>"; };
		4FCB4E2C1BA20EFE00DC15AF /* CategoriesController.swift */ = {isa = PBXFileReference; fileEncoding = 4; lastKnownFileType = sourcecode.swift; path = CategoriesController.swift; sourceTree = "<group>"; };
		4FCB4E2E1BA2150400DC15AF /* SplashController.swift */ = {isa = PBXFileReference; fileEncoding = 4; lastKnownFileType = sourcecode.swift; path = SplashController.swift; sourceTree = "<group>"; };
		4FCB4E301BA2172900DC15AF /* CategoryCell.swift */ = {isa = PBXFileReference; fileEncoding = 4; lastKnownFileType = sourcecode.swift; path = CategoryCell.swift; sourceTree = "<group>"; };
		4FCB4E321BA292FC00DC15AF /* ImagesController.swift */ = {isa = PBXFileReference; fileEncoding = 4; lastKnownFileType = sourcecode.swift; path = ImagesController.swift; sourceTree = "<group>"; };
		4FCB4E341BA296BB00DC15AF /* ImageCell.swift */ = {isa = PBXFileReference; fileEncoding = 4; lastKnownFileType = sourcecode.swift; path = ImageCell.swift; sourceTree = "<group>"; };
		4FF8729D1B931E1500A67EEE /* Category.swift */ = {isa = PBXFileReference; fileEncoding = 4; lastKnownFileType = sourcecode.swift; path = Category.swift; sourceTree = "<group>"; };
		4FF8729F1B93245E00A67EEE /* CategoriesTests.swift */ = {isa = PBXFileReference; fileEncoding = 4; lastKnownFileType = sourcecode.swift; path = CategoriesTests.swift; sourceTree = "<group>"; };
		4FF872A21B932EE900A67EEE /* Alamofire.h */ = {isa = PBXFileReference; fileEncoding = 4; lastKnownFileType = sourcecode.c.h; path = Alamofire.h; sourceTree = "<group>"; };
		4FF872A31B932EE900A67EEE /* Alamofire.swift */ = {isa = PBXFileReference; fileEncoding = 4; lastKnownFileType = sourcecode.swift; path = Alamofire.swift; sourceTree = "<group>"; };
		4FF872A41B932EE900A67EEE /* Download.swift */ = {isa = PBXFileReference; fileEncoding = 4; lastKnownFileType = sourcecode.swift; path = Download.swift; sourceTree = "<group>"; };
		4FF872A51B932EE900A67EEE /* Info.plist */ = {isa = PBXFileReference; fileEncoding = 4; lastKnownFileType = text.plist.xml; path = Info.plist; sourceTree = "<group>"; };
		4FF872A61B932EE900A67EEE /* Manager.swift */ = {isa = PBXFileReference; fileEncoding = 4; lastKnownFileType = sourcecode.swift; path = Manager.swift; sourceTree = "<group>"; };
		4FF872A71B932EE900A67EEE /* MultipartFormData.swift */ = {isa = PBXFileReference; fileEncoding = 4; lastKnownFileType = sourcecode.swift; path = MultipartFormData.swift; sourceTree = "<group>"; };
		4FF872A81B932EE900A67EEE /* ParameterEncoding.swift */ = {isa = PBXFileReference; fileEncoding = 4; lastKnownFileType = sourcecode.swift; path = ParameterEncoding.swift; sourceTree = "<group>"; };
		4FF872A91B932EE900A67EEE /* Request.swift */ = {isa = PBXFileReference; fileEncoding = 4; lastKnownFileType = sourcecode.swift; path = Request.swift; sourceTree = "<group>"; };
		4FF872AA1B932EE900A67EEE /* ResponseSerialization.swift */ = {isa = PBXFileReference; fileEncoding = 4; lastKnownFileType = sourcecode.swift; path = ResponseSerialization.swift; sourceTree = "<group>"; };
		4FF872AB1B932EE900A67EEE /* ServerTrustPolicy.swift */ = {isa = PBXFileReference; fileEncoding = 4; lastKnownFileType = sourcecode.swift; path = ServerTrustPolicy.swift; sourceTree = "<group>"; };
		4FF872AC1B932EE900A67EEE /* Upload.swift */ = {isa = PBXFileReference; fileEncoding = 4; lastKnownFileType = sourcecode.swift; path = Upload.swift; sourceTree = "<group>"; };
		4FF872AD1B932EE900A67EEE /* Validation.swift */ = {isa = PBXFileReference; fileEncoding = 4; lastKnownFileType = sourcecode.swift; path = Validation.swift; sourceTree = "<group>"; };
		4FF872B91B93367F00A67EEE /* SignedAlamofire.swift */ = {isa = PBXFileReference; fileEncoding = 4; lastKnownFileType = sourcecode.swift; path = SignedAlamofire.swift; sourceTree = "<group>"; };
		4FF872BC1B93446B00A67EEE /* MergeableDictionary.swift */ = {isa = PBXFileReference; fileEncoding = 4; lastKnownFileType = sourcecode.swift; path = MergeableDictionary.swift; sourceTree = "<group>"; };
		4FF872BE1B934F7F00A67EEE /* DictionaryWithJson.swift */ = {isa = PBXFileReference; fileEncoding = 4; lastKnownFileType = sourcecode.swift; path = DictionaryWithJson.swift; sourceTree = "<group>"; };
		4FF872C01B93618D00A67EEE /* FeedTests.swift */ = {isa = PBXFileReference; fileEncoding = 4; lastKnownFileType = sourcecode.swift; path = FeedTests.swift; sourceTree = "<group>"; };
		4FF872C21B93656B00A67EEE /* Image.swift */ = {isa = PBXFileReference; fileEncoding = 4; lastKnownFileType = sourcecode.swift; path = Image.swift; sourceTree = "<group>"; };
/* End PBXFileReference section */

/* Begin PBXFrameworksBuildPhase section */
		4F1AA5B11B849880007C0632 /* Frameworks */ = {
			isa = PBXFrameworksBuildPhase;
			buildActionMask = 2147483647;
			files = (
				4F7D18E21B8F2A0600C209B5 /* Crashlytics.framework in Frameworks */,
				4F7D18E11B8F2A0600C209B5 /* Fabric.framework in Frameworks */,
			);
			runOnlyForDeploymentPostprocessing = 0;
		};
		4F1AA5C61B849880007C0632 /* Frameworks */ = {
			isa = PBXFrameworksBuildPhase;
			buildActionMask = 2147483647;
			files = (
			);
			runOnlyForDeploymentPostprocessing = 0;
		};
/* End PBXFrameworksBuildPhase section */

/* Begin PBXGroup section */
		4F157E551B9DF85400A5D417 /* ImageCache */ = {
			isa = PBXGroup;
			children = (
				4F157E561B9DF85400A5D417 /* UIImageView+remote.swift */,
			);
			path = ImageCache;
			sourceTree = "<group>";
		};
		4F157E641B9DFC2100A5D417 /* gifu */ = {
			isa = PBXGroup;
			children = (
				4F157E651B9DFC2100A5D417 /* AnimatableImageView.swift */,
				4F157E661B9DFC2100A5D417 /* AnimatedFrame.swift */,
				4F157E671B9DFC2100A5D417 /* Animator.swift */,
				4F157E681B9DFC2100A5D417 /* Curry.swift */,
				4F157E6A1B9DFC2100A5D417 /* ImageSourceHelpers.swift */,
				4F157E6C1B9DFC2100A5D417 /* UIImageExtension.swift */,
			);
			path = gifu;
			sourceTree = "<group>";
		};
		4F157E741B9DFCCD00A5D417 /* Runes */ = {
			isa = PBXGroup;
			children = (
				4F157E751B9DFCCD00A5D417 /* Array.swift */,
				4F157E771B9DFCCD00A5D417 /* Operators.swift */,
				4F157E781B9DFCCD00A5D417 /* Optional.swift */,
			);
			path = Runes;
			sourceTree = "<group>";
		};
		4F1AA5AB1B84987F007C0632 = {
			isa = PBXGroup;
			children = (
				4F1AA5B61B849880007C0632 /* OZM */,
				4F1AA5CC1B849880007C0632 /* OZMTests */,
				4F1AA5B51B849880007C0632 /* Products */,
			);
			sourceTree = "<group>";
		};
		4F1AA5B51B849880007C0632 /* Products */ = {
			isa = PBXGroup;
			children = (
				4F1AA5B41B849880007C0632 /* OZM.app */,
				4F1AA5C91B849880007C0632 /* UMADTests.xctest */,
			);
			name = Products;
			sourceTree = "<group>";
		};
		4F1AA5B61B849880007C0632 /* OZM */ = {
			isa = PBXGroup;
			children = (
				4FF872BB1B93445900A67EEE /* Extensions */,
				4F7D18DE1B8F29FB00C209B5 /* Frameworks */,
				4F7D18D81B8F033300C209B5 /* Conf */,
				4F7D18411B8EBDCB00C209B5 /* Lib */,
				4F7E213A1B9F4695007CB0FF /* UI */,
				4F1AA5D91B8498C9007C0632 /* Models */,
				4F1AA5B91B849880007C0632 /* AppDelegate.swift */,
				4F1AA5C01B849880007C0632 /* Images.xcassets */,
				4F1AA5C21B849880007C0632 /* LaunchScreen.xib */,
				4F1AA5B71B849880007C0632 /* Supporting Files */,
				4F1AA5E31B849CD2007C0632 /* OZM-Bridging-Header.h */,
			);
			path = OZM;
			sourceTree = "<group>";
		};
		4F1AA5B71B849880007C0632 /* Supporting Files */ = {
			isa = PBXGroup;
			children = (
				4F1AA5B81B849880007C0632 /* Info.plist */,
			);
			name = "Supporting Files";
			sourceTree = "<group>";
		};
		4F1AA5CC1B849880007C0632 /* OZMTests */ = {
			isa = PBXGroup;
			children = (
				4F1AA5CF1B849880007C0632 /* HMACTests.swift */,
				4F7D18CD1B8ED44600C209B5 /* RegistrationTests.swift */,
				4FF8729F1B93245E00A67EEE /* CategoriesTests.swift */,
				4FF872C01B93618D00A67EEE /* FeedTests.swift */,
				4F1AA5CD1B849880007C0632 /* Supporting Files */,
			);
			path = OZMTests;
			sourceTree = "<group>";
		};
		4F1AA5CD1B849880007C0632 /* Supporting Files */ = {
			isa = PBXGroup;
			children = (
				4F1AA5CE1B849880007C0632 /* Info.plist */,
			);
			name = "Supporting Files";
			sourceTree = "<group>";
		};
		4F1AA5D91B8498C9007C0632 /* Models */ = {
			isa = PBXGroup;
			children = (
				4F1AA5E41B84F85B007C0632 /* API */,
				4F1AA5DA1B84990F007C0632 /* Auth */,
				4FF8729D1B931E1500A67EEE /* Category.swift */,
				4FF872C21B93656B00A67EEE /* Image.swift */,
			);
			path = Models;
			sourceTree = "<group>";
		};
		4F1AA5DA1B84990F007C0632 /* Auth */ = {
			isa = PBXGroup;
			children = (
				4F1AA5DB1B84991A007C0632 /* Signatrure.swift */,
				4F7D18CF1B8EF64F00C209B5 /* RegistrationResult.swift */,
			);
			path = Auth;
			sourceTree = "<group>";
		};
		4F1AA5E41B84F85B007C0632 /* API */ = {
			isa = PBXGroup;
			children = (
				4F1AA5E51B84F866007C0632 /* APIClient.swift */,
				4FF872B91B93367F00A67EEE /* SignedAlamofire.swift */,
			);
			path = API;
			sourceTree = "<group>";
		};
		4F7D18411B8EBDCB00C209B5 /* Lib */ = {
			isa = PBXGroup;
			children = (
				4F157E741B9DFCCD00A5D417 /* Runes */,
				4F157E641B9DFC2100A5D417 /* gifu */,
				4FF872A11B932EE900A67EEE /* Alamofire */,
				4F7D18D31B8EFC6700C209B5 /* Locksmith */,
				4F7D18D11B8EF7A900C209B5 /* JSONHelper.swift */,
				4F7D18421B8EBDCB00C209B5 /* EZiOS7-master */,
			);
			path = Lib;
			sourceTree = "<group>";
		};
		4F7D18421B8EBDCB00C209B5 /* EZiOS7-master */ = {
			isa = PBXGroup;
			children = (
				4F7D18971B8EBDCB00C209B5 /* PromiseKit.h */,
				4F7D18981B8EBDCB00C209B5 /* PromiseKit.m */,
				4F7D18991B8EBDCB00C209B5 /* PromiseKit.swift */,
			);
			path = "EZiOS7-master";
			sourceTree = "<group>";
		};
		4F7D18D31B8EFC6700C209B5 /* Locksmith */ = {
			isa = PBXGroup;
			children = (
				4F7D18D41B8EFC6700C209B5 /* Locksmith.swift */,
				4F7D18D51B8EFC6700C209B5 /* LocksmithRequest.swift */,
			);
			path = Locksmith;
			sourceTree = "<group>";
		};
		4F7D18D81B8F033300C209B5 /* Conf */ = {
			isa = PBXGroup;
			children = (
				4F7D18D91B8F034300C209B5 /* KeychainConstants.swift */,
				4F7D18DB1B8F149500C209B5 /* APIConstants.swift */,
			);
			path = Conf;
			sourceTree = "<group>";
		};
		4F7D18DE1B8F29FB00C209B5 /* Frameworks */ = {
			isa = PBXGroup;
			children = (
				4F7D18DF1B8F2A0600C209B5 /* Fabric.framework */,
				4F7D18E01B8F2A0600C209B5 /* Crashlytics.framework */,
			);
			name = Frameworks;
			sourceTree = "<group>";
		};
		4F7E213A1B9F4695007CB0FF /* UI */ = {
			isa = PBXGroup;
			children = (
				4F7E213F1B9F4900007CB0FF /* Main.storyboard */,
				4FCB4E2C1BA20EFE00DC15AF /* CategoriesController.swift */,
				4FCB4E2E1BA2150400DC15AF /* SplashController.swift */,
				4FCB4E301BA2172900DC15AF /* CategoryCell.swift */,
				4FCB4E321BA292FC00DC15AF /* ImagesController.swift */,
				4FCB4E341BA296BB00DC15AF /* ImageCell.swift */,
			);
			name = UI;
			path = Controllers;
			sourceTree = "<group>";
		};
		4FF872A11B932EE900A67EEE /* Alamofire */ = {
			isa = PBXGroup;
			children = (
				4FF872A21B932EE900A67EEE /* Alamofire.h */,
				4FF872A31B932EE900A67EEE /* Alamofire.swift */,
				4FF872A41B932EE900A67EEE /* Download.swift */,
				4FF872A51B932EE900A67EEE /* Info.plist */,
				4FF872A61B932EE900A67EEE /* Manager.swift */,
				4FF872A71B932EE900A67EEE /* MultipartFormData.swift */,
				4FF872A81B932EE900A67EEE /* ParameterEncoding.swift */,
				4FF872A91B932EE900A67EEE /* Request.swift */,
				4FF872AA1B932EE900A67EEE /* ResponseSerialization.swift */,
				4FF872AB1B932EE900A67EEE /* ServerTrustPolicy.swift */,
				4FF872AC1B932EE900A67EEE /* Upload.swift */,
				4FF872AD1B932EE900A67EEE /* Validation.swift */,
			);
			path = Alamofire;
			sourceTree = "<group>";
		};
		4FF872BB1B93445900A67EEE /* Extensions */ = {
			isa = PBXGroup;
			children = (
				4F157E551B9DF85400A5D417 /* ImageCache */,
				4FF872BC1B93446B00A67EEE /* MergeableDictionary.swift */,
				4FF872BE1B934F7F00A67EEE /* DictionaryWithJson.swift */,
			);
			path = Extensions;
			sourceTree = "<group>";
		};
/* End PBXGroup section */

/* Begin PBXNativeTarget section */
		4F1AA5B31B849880007C0632 /* UMAD */ = {
			isa = PBXNativeTarget;
			buildConfigurationList = 4F1AA5D31B849880007C0632 /* Build configuration list for PBXNativeTarget "UMAD" */;
			buildPhases = (
				4F1AA5B01B849880007C0632 /* Sources */,
				4F1AA5B11B849880007C0632 /* Frameworks */,
				4F1AA5B21B849880007C0632 /* Resources */,
				4F7D18DD1B8F29E500C209B5 /* ShellScript */,
			);
			buildRules = (
			);
			dependencies = (
			);
			name = UMAD;
			productName = OZM;
			productReference = 4F1AA5B41B849880007C0632 /* OZM.app */;
			productType = "com.apple.product-type.application";
		};
		4F1AA5C81B849880007C0632 /* UMADTests */ = {
			isa = PBXNativeTarget;
			buildConfigurationList = 4F1AA5D61B849880007C0632 /* Build configuration list for PBXNativeTarget "UMADTests" */;
			buildPhases = (
				4F1AA5C51B849880007C0632 /* Sources */,
				4F1AA5C61B849880007C0632 /* Frameworks */,
				4F1AA5C71B849880007C0632 /* Resources */,
			);
			buildRules = (
			);
			dependencies = (
				4F1AA5CB1B849880007C0632 /* PBXTargetDependency */,
			);
			name = UMADTests;
			productName = OZMTests;
			productReference = 4F1AA5C91B849880007C0632 /* UMADTests.xctest */;
			productType = "com.apple.product-type.bundle.unit-test";
		};
/* End PBXNativeTarget section */

/* Begin PBXProject section */
		4F1AA5AC1B84987F007C0632 /* Project object */ = {
			isa = PBXProject;
			attributes = {
				LastUpgradeCheck = 0640;
				ORGANIZATIONNAME = ozm;
				TargetAttributes = {
					4F1AA5B31B849880007C0632 = {
						CreatedOnToolsVersion = 6.4;
					};
					4F1AA5C81B849880007C0632 = {
						CreatedOnToolsVersion = 6.4;
						TestTargetID = 4F1AA5B31B849880007C0632;
					};
				};
			};
			buildConfigurationList = 4F1AA5AF1B84987F007C0632 /* Build configuration list for PBXProject "OZM" */;
			compatibilityVersion = "Xcode 3.2";
			developmentRegion = English;
			hasScannedForEncodings = 0;
			knownRegions = (
				en,
				Base,
			);
			mainGroup = 4F1AA5AB1B84987F007C0632;
			productRefGroup = 4F1AA5B51B849880007C0632 /* Products */;
			projectDirPath = "";
			projectRoot = "";
			targets = (
				4F1AA5B31B849880007C0632 /* UMAD */,
				4F1AA5C81B849880007C0632 /* UMADTests */,
			);
		};
/* End PBXProject section */

/* Begin PBXResourcesBuildPhase section */
		4F1AA5B21B849880007C0632 /* Resources */ = {
			isa = PBXResourcesBuildPhase;
			buildActionMask = 2147483647;
			files = (
				4F1AA5C41B849880007C0632 /* LaunchScreen.xib in Resources */,
				4F1AA5C11B849880007C0632 /* Images.xcassets in Resources */,
				4FF872B01B932EE900A67EEE /* Info.plist in Resources */,
				4F7E21401B9F4900007CB0FF /* Main.storyboard in Resources */,
			);
			runOnlyForDeploymentPostprocessing = 0;
		};
		4F1AA5C71B849880007C0632 /* Resources */ = {
			isa = PBXResourcesBuildPhase;
			buildActionMask = 2147483647;
			files = (
			);
			runOnlyForDeploymentPostprocessing = 0;
		};
/* End PBXResourcesBuildPhase section */

/* Begin PBXShellScriptBuildPhase section */
		4F7D18DD1B8F29E500C209B5 /* ShellScript */ = {
			isa = PBXShellScriptBuildPhase;
			buildActionMask = 2147483647;
			files = (
			);
			inputPaths = (
			);
			outputPaths = (
			);
			runOnlyForDeploymentPostprocessing = 0;
			shellPath = /bin/sh;
			shellScript = "./Fabric.framework/run 02f33bb39d2a006a09d97861ff20ac2e0c8ef8fe 4fe142e4841dc3dff8f5294655a645564fd397f70452779dae4f8753f20683b4";
		};
/* End PBXShellScriptBuildPhase section */

/* Begin PBXSourcesBuildPhase section */
		4F1AA5B01B849880007C0632 /* Sources */ = {
			isa = PBXSourcesBuildPhase;
			buildActionMask = 2147483647;
			files = (
				4F157E6F1B9DFC2100A5D417 /* Animator.swift in Sources */,
				4FF872B31B932EE900A67EEE /* ParameterEncoding.swift in Sources */,
				4FF872C31B93656B00A67EEE /* Image.swift in Sources */,
				4F7D18D61B8EFC6700C209B5 /* Locksmith.swift in Sources */,
				4FF872BD1B93446B00A67EEE /* MergeableDictionary.swift in Sources */,
				4FCB4E2F1BA2150400DC15AF /* SplashController.swift in Sources */,
				4FF872BA1B93367F00A67EEE /* SignedAlamofire.swift in Sources */,
				4F1AA5DC1B84991A007C0632 /* Signatrure.swift in Sources */,
				4F157E6E1B9DFC2100A5D417 /* AnimatedFrame.swift in Sources */,
				4FF872B51B932EE900A67EEE /* ResponseSerialization.swift in Sources */,
				4F7D18DC1B8F149500C209B5 /* APIConstants.swift in Sources */,
				4FF872B11B932EE900A67EEE /* Manager.swift in Sources */,
				4F7D18CB1B8EBDCB00C209B5 /* PromiseKit.swift in Sources */,
				4FF872B21B932EE900A67EEE /* MultipartFormData.swift in Sources */,
				4F7D18D71B8EFC6700C209B5 /* LocksmithRequest.swift in Sources */,
				4FF872BF1B934F7F00A67EEE /* DictionaryWithJson.swift in Sources */,
				4F7D18D21B8EF7A900C209B5 /* JSONHelper.swift in Sources */,
				4FCB4E351BA296BB00DC15AF /* ImageCell.swift in Sources */,
				4F157E7A1B9DFCCD00A5D417 /* Array.swift in Sources */,
				4F157E7C1B9DFCCD00A5D417 /* Operators.swift in Sources */,
				4FCB4E331BA292FC00DC15AF /* ImagesController.swift in Sources */,
				4FCB4E311BA2172900DC15AF /* CategoryCell.swift in Sources */,
				4FF872AE1B932EE900A67EEE /* Alamofire.swift in Sources */,
				4FF872B81B932EE900A67EEE /* Validation.swift in Sources */,
				4F157E7D1B9DFCCD00A5D417 /* Optional.swift in Sources */,
				4F157E731B9DFC2100A5D417 /* UIImageExtension.swift in Sources */,
				4FF872B61B932EE900A67EEE /* ServerTrustPolicy.swift in Sources */,
				4F1AA5BA1B849880007C0632 /* AppDelegate.swift in Sources */,
				4FF872B41B932EE900A67EEE /* Request.swift in Sources */,
				4FF872AF1B932EE900A67EEE /* Download.swift in Sources */,
				4FF872B71B932EE900A67EEE /* Upload.swift in Sources */,
				4F7D18D01B8EF64F00C209B5 /* RegistrationResult.swift in Sources */,
				4FF8729E1B931E1500A67EEE /* Category.swift in Sources */,
				4F157E711B9DFC2100A5D417 /* ImageSourceHelpers.swift in Sources */,
				4F1AA5E61B84F866007C0632 /* APIClient.swift in Sources */,
				4F157E701B9DFC2100A5D417 /* Curry.swift in Sources */,
				4FCB4E2D1BA20EFE00DC15AF /* CategoriesController.swift in Sources */,
				4F7D18CA1B8EBDCB00C209B5 /* PromiseKit.m in Sources */,
				4F157E571B9DF85400A5D417 /* UIImageView+remote.swift in Sources */,
				4F157E6D1B9DFC2100A5D417 /* AnimatableImageView.swift in Sources */,
				4F7D18DA1B8F034300C209B5 /* KeychainConstants.swift in Sources */,
			);
			runOnlyForDeploymentPostprocessing = 0;
		};
		4F1AA5C51B849880007C0632 /* Sources */ = {
			isa = PBXSourcesBuildPhase;
			buildActionMask = 2147483647;
			files = (
				4F7D18CE1B8ED44600C209B5 /* RegistrationTests.swift in Sources */,
				4FF872C11B93618D00A67EEE /* FeedTests.swift in Sources */,
				4F1AA5D01B849880007C0632 /* HMACTests.swift in Sources */,
				4FF872A01B93245E00A67EEE /* CategoriesTests.swift in Sources */,
			);
			runOnlyForDeploymentPostprocessing = 0;
		};
/* End PBXSourcesBuildPhase section */

/* Begin PBXTargetDependency section */
		4F1AA5CB1B849880007C0632 /* PBXTargetDependency */ = {
			isa = PBXTargetDependency;
			target = 4F1AA5B31B849880007C0632 /* UMAD */;
			targetProxy = 4F1AA5CA1B849880007C0632 /* PBXContainerItemProxy */;
		};
/* End PBXTargetDependency section */

/* Begin PBXVariantGroup section */
		4F1AA5C21B849880007C0632 /* LaunchScreen.xib */ = {
			isa = PBXVariantGroup;
			children = (
				4F1AA5C31B849880007C0632 /* Base */,
			);
			name = LaunchScreen.xib;
			sourceTree = "<group>";
		};
/* End PBXVariantGroup section */

/* Begin XCBuildConfiguration section */
		4F1AA5D11B849880007C0632 /* Debug */ = {
			isa = XCBuildConfiguration;
			buildSettings = {
				ALWAYS_SEARCH_USER_PATHS = NO;
				CLANG_CXX_LANGUAGE_STANDARD = "gnu++0x";
				CLANG_CXX_LIBRARY = "libc++";
				CLANG_ENABLE_MODULES = YES;
				CLANG_ENABLE_OBJC_ARC = YES;
				CLANG_WARN_BOOL_CONVERSION = YES;
				CLANG_WARN_CONSTANT_CONVERSION = YES;
				CLANG_WARN_DIRECT_OBJC_ISA_USAGE = YES_ERROR;
				CLANG_WARN_EMPTY_BODY = YES;
				CLANG_WARN_ENUM_CONVERSION = YES;
				CLANG_WARN_INT_CONVERSION = YES;
				CLANG_WARN_OBJC_ROOT_CLASS = YES_ERROR;
				CLANG_WARN_UNREACHABLE_CODE = YES;
				CLANG_WARN__DUPLICATE_METHOD_MATCH = YES;
				"CODE_SIGN_IDENTITY[sdk=iphoneos*]" = "iPhone Developer";
				COPY_PHASE_STRIP = NO;
				DEBUG_INFORMATION_FORMAT = "dwarf-with-dsym";
				ENABLE_STRICT_OBJC_MSGSEND = YES;
				GCC_C_LANGUAGE_STANDARD = gnu99;
				GCC_DYNAMIC_NO_PIC = NO;
				GCC_NO_COMMON_BLOCKS = YES;
				GCC_OPTIMIZATION_LEVEL = 0;
				GCC_PREPROCESSOR_DEFINITIONS = (
					"DEBUG=1",
					"$(inherited)",
				);
				GCC_SYMBOLS_PRIVATE_EXTERN = NO;
				GCC_WARN_64_TO_32_BIT_CONVERSION = YES;
				GCC_WARN_ABOUT_RETURN_TYPE = YES_ERROR;
				GCC_WARN_UNDECLARED_SELECTOR = YES;
				GCC_WARN_UNINITIALIZED_AUTOS = YES_AGGRESSIVE;
				GCC_WARN_UNUSED_FUNCTION = YES;
				GCC_WARN_UNUSED_VARIABLE = YES;
				IPHONEOS_DEPLOYMENT_TARGET = 8.4;
				MTL_ENABLE_DEBUG_INFO = YES;
				ONLY_ACTIVE_ARCH = YES;
				SDKROOT = iphoneos;
				SWIFT_OPTIMIZATION_LEVEL = "-Onone";
			};
			name = Debug;
		};
		4F1AA5D21B849880007C0632 /* Release */ = {
			isa = XCBuildConfiguration;
			buildSettings = {
				ALWAYS_SEARCH_USER_PATHS = NO;
				CLANG_CXX_LANGUAGE_STANDARD = "gnu++0x";
				CLANG_CXX_LIBRARY = "libc++";
				CLANG_ENABLE_MODULES = YES;
				CLANG_ENABLE_OBJC_ARC = YES;
				CLANG_WARN_BOOL_CONVERSION = YES;
				CLANG_WARN_CONSTANT_CONVERSION = YES;
				CLANG_WARN_DIRECT_OBJC_ISA_USAGE = YES_ERROR;
				CLANG_WARN_EMPTY_BODY = YES;
				CLANG_WARN_ENUM_CONVERSION = YES;
				CLANG_WARN_INT_CONVERSION = YES;
				CLANG_WARN_OBJC_ROOT_CLASS = YES_ERROR;
				CLANG_WARN_UNREACHABLE_CODE = YES;
				CLANG_WARN__DUPLICATE_METHOD_MATCH = YES;
				"CODE_SIGN_IDENTITY[sdk=iphoneos*]" = "iPhone Developer";
				COPY_PHASE_STRIP = NO;
				DEBUG_INFORMATION_FORMAT = "dwarf-with-dsym";
				ENABLE_NS_ASSERTIONS = NO;
				ENABLE_STRICT_OBJC_MSGSEND = YES;
				GCC_C_LANGUAGE_STANDARD = gnu99;
				GCC_NO_COMMON_BLOCKS = YES;
				GCC_WARN_64_TO_32_BIT_CONVERSION = YES;
				GCC_WARN_ABOUT_RETURN_TYPE = YES_ERROR;
				GCC_WARN_UNDECLARED_SELECTOR = YES;
				GCC_WARN_UNINITIALIZED_AUTOS = YES_AGGRESSIVE;
				GCC_WARN_UNUSED_FUNCTION = YES;
				GCC_WARN_UNUSED_VARIABLE = YES;
				IPHONEOS_DEPLOYMENT_TARGET = 8.4;
				MTL_ENABLE_DEBUG_INFO = NO;
				SDKROOT = iphoneos;
				VALIDATE_PRODUCT = YES;
			};
			name = Release;
		};
		4F1AA5D41B849880007C0632 /* Debug */ = {
			isa = XCBuildConfiguration;
			buildSettings = {
				ASSETCATALOG_COMPILER_APPICON_NAME = AppIcon;
				ASSETCATALOG_COMPILER_LAUNCHIMAGE_NAME = "LaunchImage-2";
				CODE_SIGN_IDENTITY = "iPhone Developer";
				DEFINES_MODULE = YES;
				FRAMEWORK_SEARCH_PATHS = (
					"$(inherited)",
					"$(PROJECT_DIR)/OZM",
				);
				HEADER_SEARCH_PATHS = (
					"$(inherited)",
					/Applications/Xcode.app/Contents/Developer/Toolchains/XcodeDefault.xctoolchain/usr/include,
				);
				INFOPLIST_FILE = OZM/Info.plist;
				IPHONEOS_DEPLOYMENT_TARGET = 7.1;
				LD_RUNPATH_SEARCH_PATHS = "$(inherited) @executable_path/Frameworks";
				LIBRARY_SEARCH_PATHS = (
					"$(inherited)",
					"$(SDKROOT)/usr/lib/system",
				);
				PRODUCT_NAME = "$(TARGET_NAME)";
				SWIFT_INSTALL_OBJC_HEADER = YES;
				SWIFT_OBJC_BRIDGING_HEADER = "OZM/OZM-Bridging-Header.h";
			};
			name = Debug;
		};
		4F1AA5D51B849880007C0632 /* Release */ = {
			isa = XCBuildConfiguration;
			buildSettings = {
				ASSETCATALOG_COMPILER_APPICON_NAME = AppIcon;
				ASSETCATALOG_COMPILER_LAUNCHIMAGE_NAME = "LaunchImage-2";
				CODE_SIGN_IDENTITY = "iPhone Distribution";
				DEFINES_MODULE = YES;
				FRAMEWORK_SEARCH_PATHS = (
					"$(inherited)",
					"$(PROJECT_DIR)/OZM",
				);
				HEADER_SEARCH_PATHS = (
					"$(inherited)",
					/Applications/Xcode.app/Contents/Developer/Toolchains/XcodeDefault.xctoolchain/usr/include,
				);
				INFOPLIST_FILE = OZM/Info.plist;
				IPHONEOS_DEPLOYMENT_TARGET = 7.1;
				LD_RUNPATH_SEARCH_PATHS = "$(inherited) @executable_path/Frameworks";
				LIBRARY_SEARCH_PATHS = (
					"$(inherited)",
					"$(SDKROOT)/usr/lib/system",
				);
				PRODUCT_NAME = "$(TARGET_NAME)";
				SWIFT_INSTALL_OBJC_HEADER = YES;
				SWIFT_OBJC_BRIDGING_HEADER = "OZM/OZM-Bridging-Header.h";
			};
			name = Release;
		};
		4F1AA5D71B849880007C0632 /* Debug */ = {
			isa = XCBuildConfiguration;
			buildSettings = {
				BUNDLE_LOADER = "$(TEST_HOST)";
				FRAMEWORK_SEARCH_PATHS = (
					"$(SDKROOT)/Developer/Library/Frameworks",
					"$(inherited)",
				);
				GCC_PREPROCESSOR_DEFINITIONS = (
					"DEBUG=1",
					"$(inherited)",
				);
				INFOPLIST_FILE = OZMTests/Info.plist;
				LD_RUNPATH_SEARCH_PATHS = "$(inherited) @executable_path/Frameworks @loader_path/Frameworks";
				PRODUCT_NAME = "$(TARGET_NAME)";
				TEST_HOST = "$(BUILT_PRODUCTS_DIR)/UMAD.app/UMAD";
			};
			name = Debug;
		};
		4F1AA5D81B849880007C0632 /* Release */ = {
			isa = XCBuildConfiguration;
			buildSettings = {
				BUNDLE_LOADER = "$(TEST_HOST)";
				FRAMEWORK_SEARCH_PATHS = (
					"$(SDKROOT)/Developer/Library/Frameworks",
					"$(inherited)",
				);
				INFOPLIST_FILE = OZMTests/Info.plist;
				LD_RUNPATH_SEARCH_PATHS = "$(inherited) @executable_path/Frameworks @loader_path/Frameworks";
				PRODUCT_NAME = "$(TARGET_NAME)";
				TEST_HOST = "$(BUILT_PRODUCTS_DIR)/UMAD.app/UMAD";
			};
			name = Release;
		};
/* End XCBuildConfiguration section */

/* Begin XCConfigurationList section */
		4F1AA5AF1B84987F007C0632 /* Build configuration list for PBXProject "OZM" */ = {
			isa = XCConfigurationList;
			buildConfigurations = (
				4F1AA5D11B849880007C0632 /* Debug */,
				4F1AA5D21B849880007C0632 /* Release */,
			);
			defaultConfigurationIsVisible = 0;
			defaultConfigurationName = Release;
		};
		4F1AA5D31B849880007C0632 /* Build configuration list for PBXNativeTarget "UMAD" */ = {
			isa = XCConfigurationList;
			buildConfigurations = (
				4F1AA5D41B849880007C0632 /* Debug */,
				4F1AA5D51B849880007C0632 /* Release */,
			);
			defaultConfigurationIsVisible = 0;
			defaultConfigurationName = Release;
		};
		4F1AA5D61B849880007C0632 /* Build configuration list for PBXNativeTarget "UMADTests" */ = {
			isa = XCConfigurationList;
			buildConfigurations = (
				4F1AA5D71B849880007C0632 /* Debug */,
				4F1AA5D81B849880007C0632 /* Release */,
			);
			defaultConfigurationIsVisible = 0;
			defaultConfigurationName = Release;
		};
/* End XCConfigurationList section */
	};
	rootObject = 4F1AA5AC1B84987F007C0632 /* Project object */;
}
